# This file may be used to create an environment using:
# $ conda create --name <env> --file <this file>
# platform: linux-64
@EXPLICIT
https://repo.anaconda.com/pkgs/main/linux-64/_libgcc_mutex-0.1-main.conda
https://repo.anaconda.com/pkgs/main/linux-64/ca-certificates-2024.3.11-h06a4308_0.conda
https://repo.anaconda.com/pkgs/main/linux-64/ld_impl_linux-64-2.38-h1181459_1.conda
https://repo.anaconda.com/pkgs/main/linux-64/libstdcxx-ng-11.2.0-h1234567_1.conda
https://repo.anaconda.com/pkgs/main/noarch/pybind11-abi-5-hd3eb1b0_0.conda
https://repo.anaconda.com/pkgs/main/noarch/tzdata-2024a-h04d1e81_0.conda
https://repo.anaconda.com/pkgs/main/linux-64/libgomp-11.2.0-h1234567_1.conda
https://repo.anaconda.com/pkgs/main/linux-64/_openmp_mutex-5.1-1_gnu.conda
https://repo.anaconda.com/pkgs/main/linux-64/libgcc-ng-11.2.0-h1234567_1.conda
https://repo.anaconda.com/pkgs/main/linux-64/bzip2-1.0.8-h5eee18b_6.conda
https://repo.anaconda.com/pkgs/main/linux-64/c-ares-1.19.1-h5eee18b_0.conda
https://repo.anaconda.com/pkgs/main/linux-64/expat-2.6.2-h6a678d5_0.conda
https://repo.anaconda.com/pkgs/main/linux-64/fmt-9.1.0-hdb19cb5_1.conda
https://repo.anaconda.com/pkgs/main/linux-64/icu-73.1-h6a678d5_0.conda
https://repo.anaconda.com/pkgs/main/linux-64/libev-4.33-h7f8727e_1.conda
https://repo.anaconda.com/pkgs/main/linux-64/libffi-3.4.4-h6a678d5_1.conda
https://repo.anaconda.com/pkgs/main/linux-64/libuuid-1.41.5-h5eee18b_0.conda
https://repo.anaconda.com/pkgs/main/linux-64/lz4-c-1.9.4-h6a678d5_1.conda
https://repo.anaconda.com/pkgs/main/linux-64/ncurses-6.4-h6a678d5_0.conda
https://repo.anaconda.com/pkgs/main/linux-64/openssl-3.0.13-h7f8727e_1.conda
https://repo.anaconda.com/pkgs/main/linux-64/reproc-14.2.4-h6a678d5_2.conda
https://repo.anaconda.com/pkgs/main/linux-64/xz-5.4.6-h5eee18b_1.conda
https://repo.anaconda.com/pkgs/main/linux-64/yaml-cpp-0.8.0-h6a678d5_1.conda
https://repo.anaconda.com/pkgs/main/linux-64/zlib-1.2.13-h5eee18b_1.conda
https://repo.anaconda.com/pkgs/main/linux-64/libedit-3.1.20230828-h5eee18b_0.conda
https://repo.anaconda.com/pkgs/main/linux-64/libnghttp2-1.57.0-h2d74bed_0.conda
https://repo.anaconda.com/pkgs/main/linux-64/libssh2-1.11.0-h251f7ec_0.conda
https://repo.anaconda.com/pkgs/main/linux-64/libxml2-2.10.4-hfdd30dd_2.conda
https://repo.anaconda.com/pkgs/main/linux-64/pcre2-10.42-hebb0a14_1.conda
https://repo.anaconda.com/pkgs/main/linux-64/readline-8.2-h5eee18b_0.conda
https://repo.anaconda.com/pkgs/main/linux-64/reproc-cpp-14.2.4-h6a678d5_2.conda
https://repo.anaconda.com/pkgs/main/linux-64/tk-8.6.14-h39e8969_0.conda
https://repo.anaconda.com/pkgs/main/linux-64/zstd-1.5.5-hc292b87_2.conda
https://repo.anaconda.com/pkgs/main/linux-64/krb5-1.20.1-h143b758_1.conda
https://repo.anaconda.com/pkgs/main/linux-64/libarchive-3.6.2-h6ac8c49_3.conda
https://repo.anaconda.com/pkgs/main/linux-64/libsolv-0.7.24-he621ea3_1.conda
https://repo.anaconda.com/pkgs/main/linux-64/sqlite-3.45.3-h5eee18b_0.conda
https://repo.anaconda.com/pkgs/main/linux-64/libcurl-8.7.1-h251f7ec_0.conda
https://repo.anaconda.com/pkgs/main/linux-64/python-3.12.3-h996f2a0_1.conda
https://repo.anaconda.com/pkgs/main/linux-64/libmamba-1.5.8-hfe524e5_2.conda
https://repo.anaconda.com/pkgs/main/linux-64/menuinst-2.0.2-py312h06a4308_1.conda
https://repo.anaconda.com/pkgs/main/noarch/archspec-0.2.3-pyhd3eb1b0_0.conda
https://repo.anaconda.com/pkgs/main/linux-64/boltons-23.0.0-py312h06a4308_0.conda
https://repo.anaconda.com/pkgs/main/linux-64/brotli-python-1.0.9-py312h6a678d5_8.conda
https://repo.anaconda.com/pkgs/main/linux-64/certifi-2024.2.2-py312h06a4308_0.conda
https://repo.anaconda.com/pkgs/main/noarch/charset-normalizer-2.0.4-pyhd3eb1b0_0.conda
https://repo.anaconda.com/pkgs/main/linux-64/distro-1.9.0-py312h06a4308_0.conda
https://repo.anaconda.com/pkgs/main/linux-64/frozendict-2.4.2-py312h06a4308_0.conda
https://repo.anaconda.com/pkgs/main/linux-64/idna-3.7-py312h06a4308_0.conda
https://repo.anaconda.com/pkgs/main/noarch/jsonpointer-2.1-pyhd3eb1b0_0.conda
https://repo.anaconda.com/pkgs/main/linux-64/libmambapy-1.5.8-py312h2dafd23_2.conda
https://repo.anaconda.com/pkgs/main/linux-64/packaging-23.2-py312h06a4308_0.conda
https://repo.anaconda.com/pkgs/main/linux-64/platformdirs-3.10.0-py312h06a4308_0.conda
https://repo.anaconda.com/pkgs/main/linux-64/pluggy-1.0.0-py312h06a4308_1.conda
https://repo.anaconda.com/pkgs/main/linux-64/pycosat-0.6.6-py312h5eee18b_1.conda
https://repo.anaconda.com/pkgs/main/noarch/pycparser-2.21-pyhd3eb1b0_0.conda
https://repo.anaconda.com/pkgs/main/linux-64/pysocks-1.7.1-py312h06a4308_0.conda
https://repo.anaconda.com/pkgs/main/linux-64/ruamel.yaml-0.17.21-py312h5eee18b_0.conda
https://repo.anaconda.com/pkgs/main/linux-64/setuptools-69.5.1-py312h06a4308_0.conda
https://repo.anaconda.com/pkgs/main/linux-64/tqdm-4.66.2-py312he106c6f_0.conda
https://repo.anaconda.com/pkgs/main/linux-64/truststore-0.8.0-py312h06a4308_0.conda
https://repo.anaconda.com/pkgs/main/linux-64/wheel-0.43.0-py312h06a4308_0.conda
https://repo.anaconda.com/pkgs/main/linux-64/cffi-1.16.0-py312h5eee18b_1.conda
https://repo.anaconda.com/pkgs/main/linux-64/jsonpatch-1.33-py312h06a4308_1.conda
https://repo.anaconda.com/pkgs/main/linux-64/pip-24.0-py312h06a4308_0.conda
https://repo.anaconda.com/pkgs/main/linux-64/urllib3-2.2.1-py312h06a4308_0.conda
https://repo.anaconda.com/pkgs/main/linux-64/requests-2.31.0-py312h06a4308_1.conda
https://repo.anaconda.com/pkgs/main/linux-64/zstandard-0.22.0-py312h2c38b39_0.conda
https://repo.anaconda.com/pkgs/main/linux-64/conda-package-streaming-0.9.0-py312h06a4308_0.conda
https://repo.anaconda.com/pkgs/main/linux-64/conda-package-handling-2.2.0-py312h06a4308_1.conda
https://repo.anaconda.com/pkgs/main/linux-64/conda-24.5.0-py312h06a4308_0.conda
https://repo.anaconda.com/pkgs/main/noarch/conda-libmamba-solver-24.1.0-pyhd3eb1b0_0.conda
