# This file may be used to create an environment using:
# $ conda create --name <env> --file <this file>
# platform: linux-64
@EXPLICIT
https://metoffice.jfrog.io/metoffice/api/conda/conda-forge/noarch/ca-certificates-2025.7.14-hbd8a1cb_0.conda
https://metoffice.jfrog.io/metoffice/api/conda/conda-forge/linux-64/ld_impl_linux-64-2.44-h1423503_1.conda
https://metoffice.jfrog.io/metoffice/api/conda/conda-forge/linux-64/libopentelemetry-cpp-headers-1.21.0-ha770c72_0.conda
https://metoffice.jfrog.io/metoffice/api/conda/conda-forge/linux-64/llvm-openmp-20.1.8-h4922eb0_0.conda
https://metoffice.jfrog.io/metoffice/api/conda/conda-forge/linux-64/nlohmann_json-3.12.0-h3f2d84a_0.conda
https://metoffice.jfrog.io/metoffice/api/conda/conda-forge/noarch/python_abi-3.12-7_cp312.conda
https://metoffice.jfrog.io/metoffice/api/conda/conda-forge/noarch/tzdata-2025b-h78e105d_0.conda
https://metoffice.jfrog.io/metoffice/api/conda/conda-forge/linux-64/_openmp_mutex-4.5-3_kmp_llvm.conda
https://metoffice.jfrog.io/metoffice/api/conda/conda-forge/linux-64/libgcc-15.1.0-h767d61c_3.conda
https://metoffice.jfrog.io/metoffice/api/conda/conda-forge/linux-64/aws-c-common-0.12.4-hb03c661_0.conda
https://metoffice.jfrog.io/metoffice/api/conda/conda-forge/linux-64/c-ares-1.34.5-hb9d3cd8_0.conda
https://metoffice.jfrog.io/metoffice/api/conda/conda-forge/linux-64/libbrotlicommon-1.1.0-hb9d3cd8_3.conda
https://metoffice.jfrog.io/metoffice/api/conda/conda-forge/linux-64/libdeflate-1.24-h86f0d12_0.conda
https://metoffice.jfrog.io/metoffice/api/conda/conda-forge/linux-64/libexpat-2.7.0-h5888daf_0.conda
https://metoffice.jfrog.io/metoffice/api/conda/conda-forge/linux-64/libffi-3.4.6-h2dba641_1.conda
https://metoffice.jfrog.io/metoffice/api/conda/conda-forge/linux-64/libgcc-ng-15.1.0-h69a702a_3.conda
https://metoffice.jfrog.io/metoffice/api/conda/conda-forge/linux-64/libgfortran5-15.1.0-hcea5267_3.conda
https://metoffice.jfrog.io/metoffice/api/conda/conda-forge/linux-64/libiconv-1.18-h4ce23a2_1.conda
https://metoffice.jfrog.io/metoffice/api/conda/conda-forge/linux-64/libjpeg-turbo-3.1.0-hb9d3cd8_0.conda
https://metoffice.jfrog.io/metoffice/api/conda/conda-forge/linux-64/liblzma-5.8.1-hb9d3cd8_2.conda
https://metoffice.jfrog.io/metoffice/api/conda/conda-forge/linux-64/libnsl-2.0.1-hb9d3cd8_1.conda
https://metoffice.jfrog.io/metoffice/api/conda/conda-forge/linux-64/libstdcxx-15.1.0-h8f9b012_3.conda
https://metoffice.jfrog.io/metoffice/api/conda/conda-forge/linux-64/libutf8proc-2.10.0-h202a827_0.conda
https://metoffice.jfrog.io/metoffice/api/conda/conda-forge/linux-64/libuv-1.51.0-hb9d3cd8_0.conda
https://metoffice.jfrog.io/metoffice/api/conda/conda-forge/linux-64/libwebp-base-1.6.0-hd42ef1d_0.conda
https://metoffice.jfrog.io/metoffice/api/conda/conda-forge/linux-64/libzlib-1.3.1-hb9d3cd8_2.conda
https://metoffice.jfrog.io/metoffice/api/conda/conda-forge/linux-64/ncurses-6.5-h2d0b736_3.conda
https://metoffice.jfrog.io/metoffice/api/conda/conda-forge/linux-64/openssl-3.5.1-h7b32b05_0.conda
https://metoffice.jfrog.io/metoffice/api/conda/conda-forge/linux-64/pthread-stubs-0.4-hb9d3cd8_1002.conda
https://metoffice.jfrog.io/metoffice/api/conda/conda-forge/linux-64/xorg-libxau-1.0.12-hb9d3cd8_0.conda
https://metoffice.jfrog.io/metoffice/api/conda/conda-forge/linux-64/xorg-libxdmcp-1.1.5-hb9d3cd8_0.conda
https://metoffice.jfrog.io/metoffice/api/conda/conda-forge/linux-64/xxhash-0.8.3-hb47aa4a_0.conda
https://metoffice.jfrog.io/metoffice/api/conda/conda-forge/linux-64/aws-c-cal-0.9.2-he7b75e1_1.conda
https://metoffice.jfrog.io/metoffice/api/conda/conda-forge/linux-64/aws-c-compression-0.3.1-h92c474e_6.conda
https://metoffice.jfrog.io/metoffice/api/conda/conda-forge/linux-64/aws-c-sdkutils-0.2.4-h92c474e_1.conda
https://metoffice.jfrog.io/metoffice/api/conda/conda-forge/linux-64/aws-checksums-0.2.7-h92c474e_2.conda
https://metoffice.jfrog.io/metoffice/api/conda/conda-forge/linux-64/bzip2-1.0.8-h4bc722e_7.conda
https://metoffice.jfrog.io/metoffice/api/conda/conda-forge/linux-64/geos-3.13.1-h97f6797_0.conda
https://metoffice.jfrog.io/metoffice/api/conda/conda-forge/linux-64/gflags-2.2.2-h5888daf_1005.conda
https://metoffice.jfrog.io/metoffice/api/conda/conda-forge/linux-64/keyutils-1.6.1-h166bdaf_0.tar.bz2
https://metoffice.jfrog.io/metoffice/api/conda/conda-forge/linux-64/lerc-4.0.0-h0aef613_1.conda
https://metoffice.jfrog.io/metoffice/api/conda/conda-forge/linux-64/libabseil-20250127.1-cxx17_hbbce691_0.conda
https://metoffice.jfrog.io/metoffice/api/conda/conda-forge/linux-64/libaec-1.1.4-h3f801dc_0.conda
https://metoffice.jfrog.io/metoffice/api/conda/conda-forge/linux-64/libbrotlidec-1.1.0-hb9d3cd8_3.conda
https://metoffice.jfrog.io/metoffice/api/conda/conda-forge/linux-64/libbrotlienc-1.1.0-hb9d3cd8_3.conda
https://metoffice.jfrog.io/metoffice/api/conda/conda-forge/linux-64/libedit-3.1.20250104-pl5321h7949ede_0.conda
https://metoffice.jfrog.io/metoffice/api/conda/conda-forge/linux-64/libev-4.33-hd590300_2.conda
https://metoffice.jfrog.io/metoffice/api/conda/conda-forge/linux-64/libevent-2.1.12-hf998b51_1.conda
https://metoffice.jfrog.io/metoffice/api/conda/conda-forge/linux-64/libgfortran-15.1.0-h69a702a_3.conda
https://metoffice.jfrog.io/metoffice/api/conda/conda-forge/linux-64/libpng-1.6.50-h943b412_0.conda
https://metoffice.jfrog.io/metoffice/api/conda/conda-forge/linux-64/libsodium-1.0.20-h4ab18f5_0.conda
https://metoffice.jfrog.io/metoffice/api/conda/conda-forge/linux-64/libssh2-1.11.1-hcf80075_0.conda
https://metoffice.jfrog.io/metoffice/api/conda/conda-forge/linux-64/libstdcxx-ng-15.1.0-h4852527_3.conda
https://metoffice.jfrog.io/metoffice/api/conda/conda-forge/linux-64/libudunits2-2.2.28-h40f5838_3.conda
https://metoffice.jfrog.io/metoffice/api/conda/conda-forge/linux-64/libuuid-2.38.1-h0b41bf4_0.conda
https://metoffice.jfrog.io/metoffice/api/conda/conda-forge/linux-64/libxcb-1.17.0-h8a09558_0.conda
https://metoffice.jfrog.io/metoffice/api/conda/conda-forge/linux-64/libxcrypt-4.4.36-hd590300_1.conda
https://metoffice.jfrog.io/metoffice/api/conda/conda-forge/linux-64/lz4-c-1.10.0-h5888daf_1.conda
https://metoffice.jfrog.io/metoffice/api/conda/conda-forge/linux-64/readline-8.2-h8c095d6_2.conda
https://metoffice.jfrog.io/metoffice/api/conda/conda-forge/linux-64/s2n-1.5.22-h96f233e_0.conda
https://metoffice.jfrog.io/metoffice/api/conda/conda-forge/linux-64/sleef-3.8-h1b44611_0.conda
https://metoffice.jfrog.io/metoffice/api/conda/conda-forge/linux-64/snappy-1.2.1-h8bd8927_1.conda
https://metoffice.jfrog.io/metoffice/api/conda/conda-forge/linux-64/tk-8.6.13-noxft_hd72426e_102.conda
https://metoffice.jfrog.io/metoffice/api/conda/conda-forge/linux-64/yaml-0.2.5-h7f98852_2.tar.bz2
https://metoffice.jfrog.io/metoffice/api/conda/conda-forge/linux-64/zlib-1.3.1-hb9d3cd8_2.conda
https://metoffice.jfrog.io/metoffice/api/conda/conda-forge/linux-64/zstd-1.5.7-hb8e6e7a_2.conda
https://metoffice.jfrog.io/metoffice/api/conda/conda-forge/linux-64/aws-c-io-0.21.0-h1d8da38_1.conda
https://metoffice.jfrog.io/metoffice/api/conda/conda-forge/linux-64/blosc-1.21.6-he440d0b_1.conda
https://metoffice.jfrog.io/metoffice/api/conda/conda-forge/linux-64/brotli-bin-1.1.0-hb9d3cd8_3.conda
https://metoffice.jfrog.io/metoffice/api/conda/conda-forge/linux-64/glog-0.7.1-hbabe93e_0.conda
https://metoffice.jfrog.io/metoffice/api/conda/conda-forge/linux-64/gmp-6.3.0-hac33072_2.conda
https://metoffice.jfrog.io/metoffice/api/conda/conda-forge/linux-64/hdf4-4.2.15-h2a13503_7.conda
https://metoffice.jfrog.io/metoffice/api/conda/conda-forge/linux-64/icu-75.1-he02047a_0.conda
https://metoffice.jfrog.io/metoffice/api/conda/conda-forge/linux-64/krb5-1.21.3-h659f571_0.conda
https://metoffice.jfrog.io/metoffice/api/conda/conda-forge/linux-64/libcrc32c-1.1.2-h9c3ff4c_0.tar.bz2
https://metoffice.jfrog.io/metoffice/api/conda/conda-forge/linux-64/libfreetype6-2.13.3-h48d6fc4_1.conda
https://metoffice.jfrog.io/metoffice/api/conda/conda-forge/linux-64/libnghttp2-1.64.0-h161d5f1_0.conda
https://metoffice.jfrog.io/metoffice/api/conda/conda-forge/linux-64/libprotobuf-5.29.3-h501fc15_1.conda
https://metoffice.jfrog.io/metoffice/api/conda/conda-forge/linux-64/libre2-11-2025.06.26-hba17884_0.conda
https://metoffice.jfrog.io/metoffice/api/conda/conda-forge/linux-64/libthrift-0.21.0-h0e7cc3e_0.conda
https://metoffice.jfrog.io/metoffice/api/conda/conda-forge/linux-64/libtiff-4.7.0-hf01ce69_5.conda
https://metoffice.jfrog.io/metoffice/api/conda/conda-forge/linux-64/libzip-1.11.2-h6991a6a_0.conda
https://metoffice.jfrog.io/metoffice/api/conda/conda-forge/linux-64/qhull-2020.2-h434a139_5.conda
https://metoffice.jfrog.io/metoffice/api/conda/conda-forge/linux-64/udunits2-2.2.28-h40f5838_3.conda
https://metoffice.jfrog.io/metoffice/api/conda/conda-forge/linux-64/aws-c-event-stream-0.5.5-h0c2b49e_1.conda
https://metoffice.jfrog.io/metoffice/api/conda/conda-forge/linux-64/aws-c-http-0.10.2-hee85082_3.conda
https://metoffice.jfrog.io/metoffice/api/conda/conda-forge/linux-64/brotli-1.1.0-hb9d3cd8_3.conda
https://metoffice.jfrog.io/metoffice/api/conda/conda-forge/linux-64/lcms2-2.17-h717163a_0.conda
https://metoffice.jfrog.io/metoffice/api/conda/conda-forge/linux-64/libcurl-8.14.1-h332b0f4_0.conda
https://metoffice.jfrog.io/metoffice/api/conda/conda-forge/linux-64/libfreetype-2.13.3-ha770c72_1.conda
https://metoffice.jfrog.io/metoffice/api/conda/conda-forge/linux-64/libsqlite-3.50.2-hee844dc_2.conda
https://metoffice.jfrog.io/metoffice/api/conda/conda-forge/linux-64/libxml2-2.13.8-h4bc477f_0.conda
https://metoffice.jfrog.io/metoffice/api/conda/conda-forge/linux-64/mpfr-4.2.1-h90cbb55_3.conda
https://metoffice.jfrog.io/metoffice/api/conda/conda-forge/linux-64/openjpeg-2.5.3-h5fbd93e_0.conda
https://metoffice.jfrog.io/metoffice/api/conda/conda-forge/linux-64/orc-2.1.2-h17f744e_0.conda
https://metoffice.jfrog.io/metoffice/api/conda/conda-forge/linux-64/re2-2025.06.26-h9925aae_0.conda
https://metoffice.jfrog.io/metoffice/api/conda/conda-forge/linux-64/zeromq-4.3.5-h3b0a872_7.conda
https://metoffice.jfrog.io/metoffice/api/conda/conda-forge/linux-64/aws-c-auth-0.9.0-h92a005d_16.conda
https://metoffice.jfrog.io/metoffice/api/conda/conda-forge/linux-64/aws-c-mqtt-0.13.1-h46c1de9_4.conda
https://metoffice.jfrog.io/metoffice/api/conda/conda-forge/linux-64/azure-core-cpp-1.14.0-h5cfcd09_0.conda
https://metoffice.jfrog.io/metoffice/api/conda/conda-forge/linux-64/freetype-2.13.3-ha770c72_1.conda
https://metoffice.jfrog.io/metoffice/api/conda/conda-forge/linux-64/hdf5-1.14.6-nompi_h6e4c0c1_102.conda
https://metoffice.jfrog.io/metoffice/api/conda/conda-forge/linux-64/libgrpc-1.71.0-h8e591d7_1.conda
https://metoffice.jfrog.io/metoffice/api/conda/conda-forge/linux-64/libhwloc-2.11.2-default_h3d81e11_1002.conda
https://metoffice.jfrog.io/metoffice/api/conda/conda-forge/linux-64/mpc-1.3.1-h24ddda3_1.conda
https://metoffice.jfrog.io/metoffice/api/conda/conda-forge/linux-64/prometheus-cpp-1.3.0-ha5d0236_0.conda
https://metoffice.jfrog.io/metoffice/api/conda/conda-forge/linux-64/python-3.12.11-h9e4cc4f_0_cpython.conda
https://metoffice.jfrog.io/metoffice/api/conda/conda-forge/linux-64/sqlite-3.50.2-heff268d_2.conda
https://metoffice.jfrog.io/metoffice/api/conda/conda-forge/noarch/aiohappyeyeballs-2.6.1-pyhd8ed1ab_0.conda
https://metoffice.jfrog.io/metoffice/api/conda/conda-forge/noarch/asttokens-3.0.0-pyhd8ed1ab_1.conda
https://metoffice.jfrog.io/metoffice/api/conda/conda-forge/noarch/attrs-25.3.0-pyh71513ae_0.conda
https://metoffice.jfrog.io/metoffice/api/conda/conda-forge/linux-64/aws-c-s3-0.8.3-h9cdc349_1.conda
https://metoffice.jfrog.io/metoffice/api/conda/conda-forge/linux-64/azure-identity-cpp-1.10.0-h113e628_0.conda
https://metoffice.jfrog.io/metoffice/api/conda/conda-forge/linux-64/azure-storage-common-cpp-12.8.0-h736e048_1.conda
https://metoffice.jfrog.io/metoffice/api/conda/conda-forge/linux-64/bcrypt-4.3.0-py312h680f630_1.conda
https://metoffice.jfrog.io/metoffice/api/conda/conda-forge/noarch/blinker-1.9.0-pyhff2d567_0.conda
https://metoffice.jfrog.io/metoffice/api/conda/conda-forge/linux-64/brotli-python-1.1.0-py312h2ec8cdc_3.conda
https://metoffice.jfrog.io/metoffice/api/conda/conda-forge/noarch/cached_property-1.5.2-pyha770c72_1.tar.bz2
https://metoffice.jfrog.io/metoffice/api/conda/conda-forge/noarch/cachetools-5.5.2-pyhd8ed1ab_0.conda
https://metoffice.jfrog.io/metoffice/api/conda/conda-forge/noarch/certifi-2025.7.14-pyhd8ed1ab_0.conda
https://metoffice.jfrog.io/metoffice/api/conda/conda-forge/noarch/charset-normalizer-3.4.2-pyhd8ed1ab_0.conda
https://metoffice.jfrog.io/metoffice/api/conda/conda-forge/noarch/click-8.2.1-pyh707e725_0.conda
https://metoffice.jfrog.io/metoffice/api/conda/conda-forge/noarch/cloudpickle-3.1.1-pyhd8ed1ab_0.conda
https://metoffice.jfrog.io/metoffice/api/conda/conda-forge/noarch/colorama-0.4.6-pyhd8ed1ab_1.conda
https://metoffice.jfrog.io/metoffice/api/conda/conda-forge/noarch/cpython-3.12.11-py312hd8ed1ab_0.conda
https://metoffice.jfrog.io/metoffice/api/conda/conda-forge/noarch/cycler-0.12.1-pyhd8ed1ab_1.conda
https://metoffice.jfrog.io/metoffice/api/conda/conda-forge/linux-64/debugpy-1.8.14-py312h2ec8cdc_0.conda
https://metoffice.jfrog.io/metoffice/api/conda/conda-forge/noarch/decorator-5.2.1-pyhd8ed1ab_0.conda
https://metoffice.jfrog.io/metoffice/api/conda/conda-forge/noarch/defusedxml-0.7.1-pyhd8ed1ab_0.tar.bz2
https://metoffice.jfrog.io/metoffice/api/conda/conda-forge/noarch/executing-2.2.0-pyhd8ed1ab_0.conda
https://metoffice.jfrog.io/metoffice/api/conda/conda-forge/noarch/filelock-3.18.0-pyhd8ed1ab_0.conda
https://metoffice.jfrog.io/metoffice/api/conda/conda-forge/linux-64/frozenlist-1.7.0-py312h447239a_0.conda
https://metoffice.jfrog.io/metoffice/api/conda/conda-forge/noarch/fsspec-2025.7.0-pyhd8ed1ab_0.conda
https://metoffice.jfrog.io/metoffice/api/conda/conda-forge/linux-64/gmpy2-2.2.1-py312h7201bc8_0.conda
https://metoffice.jfrog.io/metoffice/api/conda/conda-forge/linux-64/greenlet-3.2.3-py312h2ec8cdc_0.conda
https://metoffice.jfrog.io/metoffice/api/conda/conda-forge/noarch/hpack-4.1.0-pyhd8ed1ab_0.conda
https://metoffice.jfrog.io/metoffice/api/conda/conda-forge/linux-64/httptools-0.6.4-py312h66e93f0_0.conda
https://metoffice.jfrog.io/metoffice/api/conda/conda-forge/noarch/hyperframe-6.1.0-pyhd8ed1ab_0.conda
https://metoffice.jfrog.io/metoffice/api/conda/conda-forge/noarch/idna-3.10-pyhd8ed1ab_1.conda
https://metoffice.jfrog.io/metoffice/api/conda/conda-forge/noarch/itsdangerous-2.2.0-pyhd8ed1ab_1.conda
https://metoffice.jfrog.io/metoffice/api/conda/conda-forge/noarch/json5-0.12.0-pyhd8ed1ab_0.conda
https://metoffice.jfrog.io/metoffice/api/conda/conda-forge/linux-64/jsonpointer-3.0.0-py312h7900ff3_1.conda
https://metoffice.jfrog.io/metoffice/api/conda/conda-forge/noarch/jupyterlab_widgets-3.0.15-pyhd8ed1ab_0.conda
https://metoffice.jfrog.io/metoffice/api/conda/conda-forge/linux-64/kiwisolver-1.4.8-py312h68727a3_1.conda
https://metoffice.jfrog.io/metoffice/api/conda/conda-forge/linux-64/libgoogle-cloud-2.36.0-hc4361e1_1.conda
https://metoffice.jfrog.io/metoffice/api/conda/conda-forge/linux-64/libnetcdf-4.9.2-nompi_h0134ee8_117.conda
https://metoffice.jfrog.io/metoffice/api/conda/conda-forge/linux-64/libopentelemetry-cpp-1.21.0-hd1b1c89_0.conda
https://metoffice.jfrog.io/metoffice/api/conda/conda-forge/linux-64/llvmlite-0.44.0-py312h374181b_1.conda
https://metoffice.jfrog.io/metoffice/api/conda/conda-forge/noarch/locket-1.0.0-pyhd8ed1ab_0.tar.bz2
https://metoffice.jfrog.io/metoffice/api/conda/conda-forge/linux-64/lz4-4.4.4-py312hf0f0c11_0.conda
https://metoffice.jfrog.io/metoffice/api/conda/conda-forge/linux-64/markupsafe-3.0.2-py312h178313f_1.conda
https://metoffice.jfrog.io/metoffice/api/conda/conda-forge/noarch/mdurl-0.1.2-pyhd8ed1ab_1.conda
https://metoffice.jfrog.io/metoffice/api/conda/conda-forge/noarch/mpmath-1.3.0-pyhd8ed1ab_1.conda
https://metoffice.jfrog.io/metoffice/api/conda/conda-forge/linux-64/msgpack-python-1.1.1-py312h68727a3_0.conda
https://metoffice.jfrog.io/metoffice/api/conda/conda-forge/linux-64/multidict-6.6.3-py312h178313f_0.conda
https://metoffice.jfrog.io/metoffice/api/conda/conda-forge/noarch/munkres-1.1.4-pyhd8ed1ab_1.conda
https://metoffice.jfrog.io/metoffice/api/conda/conda-forge/noarch/narwhals-1.47.0-pyhe01879c_0.conda
https://metoffice.jfrog.io/metoffice/api/conda/conda-forge/noarch/nest-asyncio-1.6.0-pyhd8ed1ab_1.conda
https://metoffice.jfrog.io/metoffice/api/conda/conda-forge/noarch/networkx-3.5-pyhe01879c_0.conda
https://metoffice.jfrog.io/metoffice/api/conda/conda-forge/noarch/packaging-24.2-pyhd8ed1ab_2.conda
https://metoffice.jfrog.io/metoffice/api/conda/conda-forge/noarch/pandocfilters-1.5.0-pyhd8ed1ab_0.tar.bz2
https://metoffice.jfrog.io/metoffice/api/conda/conda-forge/noarch/parso-0.8.4-pyhd8ed1ab_1.conda
https://metoffice.jfrog.io/metoffice/api/conda/conda-forge/noarch/pickleshare-0.7.5-pyhd8ed1ab_1004.conda
https://metoffice.jfrog.io/metoffice/api/conda/conda-forge/linux-64/pillow-11.3.0-py312h80c1187_0.conda
https://metoffice.jfrog.io/metoffice/api/conda/conda-forge/noarch/pkgutil-resolve-name-1.3.10-pyhd8ed1ab_2.conda
https://metoffice.jfrog.io/metoffice/api/conda/conda-forge/noarch/platformdirs-4.3.8-pyhe01879c_0.conda
https://metoffice.jfrog.io/metoffice/api/conda/conda-forge/linux-64/proj-9.6.2-h0054346_0.conda
https://metoffice.jfrog.io/metoffice/api/conda/conda-forge/noarch/prometheus_client-0.22.1-pyhd8ed1ab_0.conda
https://metoffice.jfrog.io/metoffice/api/conda/conda-forge/linux-64/propcache-0.3.1-py312h178313f_0.conda
https://metoffice.jfrog.io/metoffice/api/conda/conda-forge/linux-64/protobuf-5.29.3-py312h0f4f066_0.conda
https://metoffice.jfrog.io/metoffice/api/conda/conda-forge/linux-64/psutil-7.0.0-py312h66e93f0_0.conda
https://metoffice.jfrog.io/metoffice/api/conda/conda-forge/noarch/ptyprocess-0.7.0-pyhd8ed1ab_1.conda
https://metoffice.jfrog.io/metoffice/api/conda/conda-forge/noarch/pure_eval-0.2.3-pyhd8ed1ab_1.conda
https://metoffice.jfrog.io/metoffice/api/conda/conda-forge/noarch/pyasn1-0.6.1-pyhd8ed1ab_2.conda
https://metoffice.jfrog.io/metoffice/api/conda/conda-forge/noarch/pybind11-global-3.0.0-pyh571d8c1_0.conda
https://metoffice.jfrog.io/metoffice/api/conda/conda-forge/noarch/pycparser-2.22-pyh29332c3_1.conda
https://metoffice.jfrog.io/metoffice/api/conda/conda-forge/noarch/pygments-2.19.2-pyhd8ed1ab_0.conda
https://metoffice.jfrog.io/metoffice/api/conda/conda-forge/noarch/pyparsing-3.2.3-pyhd8ed1ab_1.conda
https://metoffice.jfrog.io/metoffice/api/conda/conda-forge/noarch/pyshp-2.3.1-pyhd8ed1ab_1.conda
https://metoffice.jfrog.io/metoffice/api/conda/conda-forge/noarch/pysocks-1.7.1-pyha55dd90_7.conda
https://metoffice.jfrog.io/metoffice/api/conda/conda-forge/noarch/python-dotenv-1.1.1-pyhe01879c_0.conda
https://metoffice.jfrog.io/metoffice/api/conda/conda-forge/noarch/python-fastjsonschema-2.21.1-pyhd8ed1ab_0.conda
https://metoffice.jfrog.io/metoffice/api/conda/conda-forge/noarch/python-json-logger-2.0.7-pyhd8ed1ab_0.conda
https://metoffice.jfrog.io/metoffice/api/conda/conda-forge/noarch/python-multipart-0.0.20-pyhff2d567_0.conda
https://metoffice.jfrog.io/metoffice/api/conda/conda-forge/noarch/python-tzdata-2025.2-pyhd8ed1ab_0.conda
https://metoffice.jfrog.io/metoffice/api/conda/conda-forge/linux-64/python-xxhash-3.5.0-py312h66e93f0_2.conda
https://metoffice.jfrog.io/metoffice/api/conda/conda-forge/noarch/pytz-2025.2-pyhd8ed1ab_0.conda
https://metoffice.jfrog.io/metoffice/api/conda/conda-forge/noarch/pywin32-on-windows-0.1.0-pyh1179c8e_3.tar.bz2
https://metoffice.jfrog.io/metoffice/api/conda/conda-forge/linux-64/pyyaml-6.0.2-py312h178313f_2.conda
https://metoffice.jfrog.io/metoffice/api/conda/conda-forge/linux-64/pyzmq-27.0.0-py312hbf22597_0.conda
https://metoffice.jfrog.io/metoffice/api/conda/conda-forge/noarch/rfc3986-validator-0.1.1-pyh9f0ad1d_0.tar.bz2
https://metoffice.jfrog.io/metoffice/api/conda/conda-forge/linux-64/rpds-py-0.26.0-py312h680f630_0.conda
https://metoffice.jfrog.io/metoffice/api/conda/conda-forge/noarch/send2trash-1.8.3-pyh0d859eb_1.conda
https://metoffice.jfrog.io/metoffice/api/conda/conda-forge/noarch/setuptools-80.9.0-pyhff2d567_0.conda
https://metoffice.jfrog.io/metoffice/api/conda/conda-forge/noarch/shellingham-1.5.4-pyhd8ed1ab_1.conda
https://metoffice.jfrog.io/metoffice/api/conda/conda-forge/noarch/simpervisor-1.0.0-pyhd8ed1ab_1.conda
https://metoffice.jfrog.io/metoffice/api/conda/conda-forge/noarch/six-1.17.0-pyhd8ed1ab_0.conda
https://metoffice.jfrog.io/metoffice/api/conda/conda-forge/noarch/smmap-5.0.2-pyhd8ed1ab_0.conda
https://metoffice.jfrog.io/metoffice/api/conda/conda-forge/noarch/sniffio-1.3.1-pyhd8ed1ab_1.conda
https://metoffice.jfrog.io/metoffice/api/conda/conda-forge/noarch/sortedcontainers-2.4.0-pyhd8ed1ab_1.conda
https://metoffice.jfrog.io/metoffice/api/conda/conda-forge/noarch/soupsieve-2.7-pyhd8ed1ab_0.conda
https://metoffice.jfrog.io/metoffice/api/conda/conda-forge/noarch/sqlparse-0.5.3-pyhd8ed1ab_0.conda
https://metoffice.jfrog.io/metoffice/api/conda/conda-forge/linux-64/tbb-2021.13.0-hceb3a55_1.conda
https://metoffice.jfrog.io/metoffice/api/conda/conda-forge/noarch/tblib-3.1.0-pyhd8ed1ab_0.conda
https://metoffice.jfrog.io/metoffice/api/conda/conda-forge/noarch/threadpoolctl-3.6.0-pyhecae5ae_0.conda
https://metoffice.jfrog.io/metoffice/api/conda/conda-forge/noarch/tomli-2.2.1-pyhd8ed1ab_1.conda
https://metoffice.jfrog.io/metoffice/api/conda/conda-forge/noarch/toolz-1.0.0-pyhd8ed1ab_1.conda
https://metoffice.jfrog.io/metoffice/api/conda/conda-forge/linux-64/tornado-6.5.1-py312h66e93f0_0.conda
https://metoffice.jfrog.io/metoffice/api/conda/conda-forge/noarch/traitlets-5.14.3-pyhd8ed1ab_1.conda
https://metoffice.jfrog.io/metoffice/api/conda/conda-forge/noarch/types-python-dateutil-2.9.0.20250708-pyhd8ed1ab_0.conda
https://metoffice.jfrog.io/metoffice/api/conda/conda-forge/noarch/typing_extensions-4.14.1-pyhe01879c_0.conda
https://metoffice.jfrog.io/metoffice/api/conda/conda-forge/noarch/typing_utils-0.1.0-pyhd8ed1ab_1.conda
https://metoffice.jfrog.io/metoffice/api/conda/conda-forge/linux-64/unicodedata2-16.0.0-py312h66e93f0_0.conda
https://metoffice.jfrog.io/metoffice/api/conda/conda-forge/noarch/uri-template-1.3.0-pyhd8ed1ab_1.conda
https://metoffice.jfrog.io/metoffice/api/conda/conda-forge/linux-64/uvloop-0.21.0-py312h66e93f0_1.conda
https://metoffice.jfrog.io/metoffice/api/conda/conda-forge/noarch/wcwidth-0.2.13-pyhd8ed1ab_1.conda
https://metoffice.jfrog.io/metoffice/api/conda/conda-forge/noarch/webcolors-24.11.1-pyhd8ed1ab_0.conda
https://metoffice.jfrog.io/metoffice/api/conda/conda-forge/noarch/webencodings-0.5.1-pyhd8ed1ab_3.conda
https://metoffice.jfrog.io/metoffice/api/conda/conda-forge/noarch/websocket-client-1.8.0-pyhd8ed1ab_1.conda
https://metoffice.jfrog.io/metoffice/api/conda/conda-forge/linux-64/websockets-15.0.1-py312h66e93f0_0.conda
https://metoffice.jfrog.io/metoffice/api/conda/conda-forge/noarch/wheel-0.45.1-pyhd8ed1ab_1.conda
https://metoffice.jfrog.io/metoffice/api/conda/conda-forge/noarch/widgetsnbextension-4.0.14-pyhd8ed1ab_0.conda
https://metoffice.jfrog.io/metoffice/api/conda/conda-forge/linux-64/wrapt-1.17.2-py312h66e93f0_0.conda
https://metoffice.jfrog.io/metoffice/api/conda/conda-forge/noarch/xyzservices-2025.4.0-pyhd8ed1ab_0.conda
https://metoffice.jfrog.io/metoffice/api/conda/conda-forge/noarch/zict-3.0.0-pyhd8ed1ab_1.conda
https://metoffice.jfrog.io/metoffice/api/conda/conda-forge/noarch/zipp-3.23.0-pyhd8ed1ab_0.conda
https://metoffice.jfrog.io/metoffice/api/conda/conda-forge/noarch/aiosignal-1.4.0-pyhd8ed1ab_0.conda
https://metoffice.jfrog.io/metoffice/api/conda/conda-forge/noarch/async-lru-2.0.5-pyh29332c3_0.conda
https://metoffice.jfrog.io/metoffice/api/conda/conda-forge/linux-64/aws-crt-cpp-0.32.10-h186f887_3.conda
https://metoffice.jfrog.io/metoffice/api/conda/conda-forge/linux-64/azure-storage-blobs-cpp-12.13.0-h3cf044e_1.conda
https://metoffice.jfrog.io/metoffice/api/conda/conda-forge/noarch/babel-2.17.0-pyhd8ed1ab_0.conda
https://metoffice.jfrog.io/metoffice/api/conda/conda-forge/noarch/bleach-6.2.0-pyh29332c3_4.conda
https://metoffice.jfrog.io/metoffice/api/conda/conda-forge/noarch/cached-property-1.5.2-hd8ed1ab_1.tar.bz2
https://metoffice.jfrog.io/metoffice/api/conda/conda-forge/linux-64/cffi-1.17.1-py312h06ac9bb_0.conda
https://metoffice.jfrog.io/metoffice/api/conda/conda-forge/noarch/comm-0.2.2-pyhd8ed1ab_1.conda
https://metoffice.jfrog.io/metoffice/api/conda/conda-forge/linux-64/cytoolz-1.0.1-py312h66e93f0_0.conda
https://metoffice.jfrog.io/metoffice/api/conda/conda-forge/noarch/deprecated-1.2.18-pyhd8ed1ab_0.conda
https://metoffice.jfrog.io/metoffice/api/conda/conda-forge/noarch/dnspython-2.7.0-pyhff2d567_1.conda
https://metoffice.jfrog.io/metoffice/api/conda/conda-forge/noarch/exceptiongroup-1.3.0-pyhd8ed1ab_0.conda
https://metoffice.jfrog.io/metoffice/api/conda/conda-forge/linux-64/fonttools-4.58.5-py312h178313f_0.conda
https://metoffice.jfrog.io/metoffice/api/conda/conda-forge/noarch/gitdb-4.0.12-pyhd8ed1ab_0.conda
https://metoffice.jfrog.io/metoffice/api/conda/conda-forge/noarch/graphql-core-3.2.6-pyh29332c3_0.conda
https://metoffice.jfrog.io/metoffice/api/conda/conda-forge/linux-64/gunicorn-23.0.0-py312h7900ff3_1.conda
https://metoffice.jfrog.io/metoffice/api/conda/conda-forge/noarch/h11-0.16.0-pyhd8ed1ab_0.conda
https://metoffice.jfrog.io/metoffice/api/conda/conda-forge/noarch/h2-4.2.0-pyhd8ed1ab_0.conda
https://metoffice.jfrog.io/metoffice/api/conda/conda-forge/noarch/importlib-metadata-8.7.0-pyhe01879c_1.conda
https://metoffice.jfrog.io/metoffice/api/conda/conda-forge/noarch/importlib_resources-6.5.2-pyhd8ed1ab_0.conda
https://metoffice.jfrog.io/metoffice/api/conda/conda-forge/noarch/ipython_pygments_lexers-1.1.1-pyhd8ed1ab_0.conda
https://metoffice.jfrog.io/metoffice/api/conda/conda-forge/noarch/jedi-0.19.2-pyhd8ed1ab_1.conda
https://metoffice.jfrog.io/metoffice/api/conda/conda-forge/noarch/jinja2-3.1.6-pyhd8ed1ab_0.conda
https://metoffice.jfrog.io/metoffice/api/conda/conda-forge/noarch/joblib-1.5.1-pyhd8ed1ab_0.conda
https://metoffice.jfrog.io/metoffice/api/conda/conda-forge/noarch/jupyter_core-5.8.1-pyh31011fe_0.conda
https://metoffice.jfrog.io/metoffice/api/conda/conda-forge/noarch/jupyterlab_pygments-0.3.0-pyhd8ed1ab_2.conda
https://metoffice.jfrog.io/metoffice/api/conda/conda-forge/linux-64/libgoogle-cloud-storage-2.36.0-h0121fbd_1.conda
https://metoffice.jfrog.io/metoffice/api/conda/conda-forge/noarch/lightning-utilities-0.14.3-pyhd8ed1ab_0.conda
https://metoffice.jfrog.io/metoffice/api/conda/conda-forge/noarch/markdown-it-py-3.0.0-pyhd8ed1ab_1.conda
https://metoffice.jfrog.io/metoffice/api/conda/conda-forge/noarch/matplotlib-inline-0.1.7-pyhd8ed1ab_1.conda
https://metoffice.jfrog.io/metoffice/api/conda/conda-forge/noarch/mistune-3.1.3-pyh29332c3_0.conda
https://metoffice.jfrog.io/metoffice/api/conda/conda-forge/linux-64/mkl-2024.2.2-ha957f24_16.conda
https://metoffice.jfrog.io/metoffice/api/conda/conda-forge/noarch/multipledispatch-0.6.0-pyhd8ed1ab_1.conda
https://metoffice.jfrog.io/metoffice/api/conda/conda-forge/noarch/overrides-7.7.0-pyhd8ed1ab_1.conda
https://metoffice.jfrog.io/metoffice/api/conda/conda-forge/noarch/partd-1.4.2-pyhd8ed1ab_0.conda
https://metoffice.jfrog.io/metoffice/api/conda/conda-forge/noarch/pexpect-4.9.0-pyhd8ed1ab_1.conda
https://metoffice.jfrog.io/metoffice/api/conda/conda-forge/noarch/pip-25.1.1-pyh8b19718_0.conda
https://metoffice.jfrog.io/metoffice/api/conda/conda-forge/noarch/prompt-toolkit-3.0.51-pyha770c72_0.conda
https://metoffice.jfrog.io/metoffice/api/conda/conda-forge/noarch/pyasn1-modules-0.4.2-pyhd8ed1ab_0.conda
https://metoffice.jfrog.io/metoffice/api/conda/conda-forge/noarch/pybind11-3.0.0-pyh49e36cd_0.conda
https://metoffice.jfrog.io/metoffice/api/conda/conda-forge/linux-64/pyproj-3.7.1-py312h03c6e1f_1.conda
https://metoffice.jfrog.io/metoffice/api/conda/conda-forge/noarch/python-dateutil-2.9.0.post0-pyhe01879c_2.conda
https://metoffice.jfrog.io/metoffice/api/conda/conda-forge/noarch/pyu2f-0.1.5-pyhd8ed1ab_1.conda
https://metoffice.jfrog.io/metoffice/api/conda/conda-forge/noarch/referencing-0.36.2-pyh29332c3_0.conda
https://metoffice.jfrog.io/metoffice/api/conda/conda-forge/noarch/rfc3339-validator-0.1.4-pyhd8ed1ab_1.conda
https://metoffice.jfrog.io/metoffice/api/conda/conda-forge/noarch/rsa-4.9.1-pyhd8ed1ab_0.conda
https://metoffice.jfrog.io/metoffice/api/conda/conda-forge/noarch/stack_data-0.6.3-pyhd8ed1ab_1.conda
https://metoffice.jfrog.io/metoffice/api/conda/conda-forge/noarch/sympy-1.14.0-pyh2585a3b_105.conda
https://metoffice.jfrog.io/metoffice/api/conda/conda-forge/noarch/terminado-0.18.1-pyh0d859eb_0.conda
https://metoffice.jfrog.io/metoffice/api/conda/conda-forge/noarch/tinycss2-1.4.0-pyhd8ed1ab_0.conda
https://metoffice.jfrog.io/metoffice/api/conda/conda-forge/noarch/tqdm-4.67.1-pyhd8ed1ab_1.conda
https://metoffice.jfrog.io/metoffice/api/conda/conda-forge/noarch/typer-slim-0.16.0-pyhe01879c_0.conda
https://metoffice.jfrog.io/metoffice/api/conda/conda-forge/noarch/typing-extensions-4.14.1-h4440ef1_0.conda
https://metoffice.jfrog.io/metoffice/api/conda/conda-forge/noarch/typing-inspection-0.4.1-pyhd8ed1ab_0.conda
https://metoffice.jfrog.io/metoffice/api/conda/conda-forge/noarch/werkzeug-3.1.3-pyhd8ed1ab_1.conda
https://metoffice.jfrog.io/metoffice/api/conda/conda-forge/linux-64/yarl-1.20.1-py312h178313f_0.conda
https://metoffice.jfrog.io/metoffice/api/conda/conda-forge/linux-64/aiohttp-3.12.14-py312h8a5da7c_0.conda
https://metoffice.jfrog.io/metoffice/api/conda/conda-forge/noarch/annotated-types-0.7.0-pyhd8ed1ab_1.conda
https://metoffice.jfrog.io/metoffice/api/conda/conda-forge/noarch/anyio-4.9.0-pyh29332c3_0.conda
https://metoffice.jfrog.io/metoffice/api/conda/conda-forge/linux-64/argon2-cffi-bindings-21.2.0-py312h66e93f0_5.conda
https://metoffice.jfrog.io/metoffice/api/conda/conda-forge/noarch/arrow-1.3.0-pyhd8ed1ab_1.conda
https://metoffice.jfrog.io/metoffice/api/conda/conda-forge/linux-64/aws-sdk-cpp-1.11.510-h379b65b_14.conda
https://metoffice.jfrog.io/metoffice/api/conda/conda-forge/linux-64/azure-storage-files-datalake-cpp-12.12.0-ha633028_1.conda
https://metoffice.jfrog.io/metoffice/api/conda/conda-forge/noarch/beautifulsoup4-4.13.4-pyha770c72_0.conda
https://metoffice.jfrog.io/metoffice/api/conda/conda-forge/noarch/bleach-with-css-6.2.0-h82add2a_4.conda
https://metoffice.jfrog.io/metoffice/api/conda/conda-forge/linux-64/cryptography-45.0.5-py312hda17c39_0.conda
https://metoffice.jfrog.io/metoffice/api/conda/conda-forge/noarch/dask-core-2025.7.0-pyhe01879c_1.conda
https://metoffice.jfrog.io/metoffice/api/conda/conda-forge/noarch/email-validator-2.2.0-pyhd8ed1ab_1.conda
https://metoffice.jfrog.io/metoffice/api/conda/conda-forge/noarch/flask-3.1.1-pyhd8ed1ab_0.conda
https://metoffice.jfrog.io/metoffice/api/conda/conda-forge/noarch/fqdn-1.5.1-pyhd8ed1ab_1.conda
https://metoffice.jfrog.io/metoffice/api/conda/conda-forge/noarch/gitpython-3.1.44-pyhff2d567_0.conda
https://metoffice.jfrog.io/metoffice/api/conda/conda-forge/noarch/graphql-relay-3.2.0-pyhd8ed1ab_1.conda
https://metoffice.jfrog.io/metoffice/api/conda/conda-forge/noarch/ipython-9.4.0-pyhfa0c392_0.conda
https://metoffice.jfrog.io/metoffice/api/conda/conda-forge/noarch/jsonschema-specifications-2025.4.1-pyh29332c3_0.conda
https://metoffice.jfrog.io/metoffice/api/conda/conda-forge/noarch/jupyter_client-8.6.3-pyhd8ed1ab_1.conda
https://metoffice.jfrog.io/metoffice/api/conda/conda-forge/noarch/jupyter_server_terminals-0.5.3-pyhd8ed1ab_1.conda
https://metoffice.jfrog.io/metoffice/api/conda/conda-forge/linux-64/libblas-3.9.0-32_hfdb39a5_mkl.conda
https://metoffice.jfrog.io/metoffice/api/conda/conda-forge/noarch/mako-1.3.10-pyhd8ed1ab_0.conda
https://metoffice.jfrog.io/metoffice/api/conda/conda-forge/noarch/markdown-3.8.2-pyhd8ed1ab_0.conda
https://metoffice.jfrog.io/metoffice/api/conda/conda-forge/noarch/opentelemetry-api-1.35.0-pyhd8ed1ab_0.conda
https://metoffice.jfrog.io/metoffice/api/conda/conda-forge/linux-64/optree-0.16.0-py312h68727a3_0.conda
https://metoffice.jfrog.io/metoffice/api/conda/conda-forge/linux-64/pydantic-core-2.33.2-py312h680f630_0.conda
https://metoffice.jfrog.io/metoffice/api/conda/conda-forge/linux-64/pynacl-1.5.0-py312h66e93f0_4.conda
https://metoffice.jfrog.io/metoffice/api/conda/conda-forge/noarch/rich-14.0.0-pyh29332c3_0.conda
https://metoffice.jfrog.io/metoffice/api/conda/conda-forge/linux-64/sqlalchemy-2.0.41-py312h66e93f0_0.conda
https://metoffice.jfrog.io/metoffice/api/conda/conda-forge/noarch/uvicorn-0.35.0-pyh31011fe_0.conda
https://metoffice.jfrog.io/metoffice/api/conda/conda-forge/linux-64/zstandard-0.23.0-py312h66e93f0_2.conda
https://metoffice.jfrog.io/metoffice/api/conda/conda-forge/noarch/alembic-1.16.4-pyhd8ed1ab_0.conda
https://metoffice.jfrog.io/metoffice/api/conda/conda-forge/noarch/argon2-cffi-25.1.0-pyhd8ed1ab_0.conda
https://metoffice.jfrog.io/metoffice/api/conda/conda-forge/noarch/email_validator-2.2.0-hd8ed1ab_1.conda
https://metoffice.jfrog.io/metoffice/api/conda/conda-forge/noarch/graphene-3.4.3-pyhd8ed1ab_1.conda
https://metoffice.jfrog.io/metoffice/api/conda/conda-forge/noarch/httpcore-1.0.9-pyh29332c3_0.conda
https://metoffice.jfrog.io/metoffice/api/conda/conda-forge/noarch/ipykernel-6.29.5-pyh3099207_0.conda
https://metoffice.jfrog.io/metoffice/api/conda/conda-forge/noarch/ipywidgets-8.1.7-pyhd8ed1ab_0.conda
https://metoffice.jfrog.io/metoffice/api/conda/conda-forge/noarch/isoduration-20.11.0-pyhd8ed1ab_1.conda
https://metoffice.jfrog.io/metoffice/api/conda/conda-forge/noarch/jsonschema-4.24.0-pyhd8ed1ab_0.conda
https://metoffice.jfrog.io/metoffice/api/conda/conda-forge/linux-64/libarrow-19.0.1-h1b9301b_16_cpu.conda
https://metoffice.jfrog.io/metoffice/api/conda/conda-forge/linux-64/libcblas-3.9.0-32_h372d94f_mkl.conda
https://metoffice.jfrog.io/metoffice/api/conda/conda-forge/linux-64/liblapack-3.9.0-32_hc41d3b0_mkl.conda
https://metoffice.jfrog.io/metoffice/api/conda/conda-forge/noarch/opentelemetry-semantic-conventions-0.56b0-pyh3cfb1c2_0.conda
https://metoffice.jfrog.io/metoffice/api/conda/conda-forge/noarch/paramiko-3.5.1-pyhd8ed1ab_0.conda
https://metoffice.jfrog.io/metoffice/api/conda/conda-forge/noarch/prometheus_flask_exporter-0.23.2-pyhd8ed1ab_0.conda
https://metoffice.jfrog.io/metoffice/api/conda/conda-forge/noarch/pydantic-2.11.7-pyh3cfb1c2_0.conda
https://metoffice.jfrog.io/metoffice/api/conda/conda-forge/noarch/pyopenssl-25.1.0-pyhd8ed1ab_0.conda
https://metoffice.jfrog.io/metoffice/api/conda/conda-forge/noarch/rich-toolkit-0.14.8-pyhe01879c_0.conda
https://metoffice.jfrog.io/metoffice/api/conda/conda-forge/noarch/starlette-0.47.1-pyh82d4cca_0.conda
https://metoffice.jfrog.io/metoffice/api/conda/conda-forge/noarch/typer-slim-standard-0.16.0-hf964461_0.conda
https://metoffice.jfrog.io/metoffice/api/conda/conda-forge/noarch/urllib3-2.5.0-pyhd8ed1ab_0.conda
https://metoffice.jfrog.io/metoffice/api/conda/conda-forge/linux-64/watchfiles-1.1.0-py312h12e396e_0.conda
https://metoffice.jfrog.io/metoffice/api/conda/conda-forge/noarch/distributed-2025.7.0-pyhe01879c_0.conda
https://metoffice.jfrog.io/metoffice/api/conda/conda-forge/noarch/fastapi-core-0.116.1-pyhe01879c_1.conda
https://metoffice.jfrog.io/metoffice/api/conda/conda-forge/noarch/httpx-0.28.1-pyhd8ed1ab_0.conda
https://metoffice.jfrog.io/metoffice/api/conda/conda-forge/noarch/jsonschema-with-format-nongpl-4.24.0-hd8ed1ab_0.conda
https://metoffice.jfrog.io/metoffice/api/conda/conda-forge/linux-64/libarrow-acero-19.0.1-hcb10f89_16_cpu.conda
https://metoffice.jfrog.io/metoffice/api/conda/conda-forge/linux-64/libparquet-19.0.1-h081d1f1_16_cpu.conda
https://metoffice.jfrog.io/metoffice/api/conda/conda-forge/linux-64/libtorch-2.7.1-cpu_mkl_h783a78b_102.conda
https://metoffice.jfrog.io/metoffice/api/conda/conda-forge/noarch/nbformat-5.10.4-pyhd8ed1ab_1.conda
https://metoffice.jfrog.io/metoffice/api/conda/conda-forge/linux-64/numpy-2.2.6-py312h72c5963_0.conda
https://metoffice.jfrog.io/metoffice/api/conda/conda-forge/noarch/opentelemetry-sdk-1.35.0-pyhd8ed1ab_0.conda
https://metoffice.jfrog.io/metoffice/api/conda/conda-forge/linux-64/pyarrow-core-19.0.1-py312h01725c0_0_cpu.conda
https://metoffice.jfrog.io/metoffice/api/conda/conda-forge/noarch/requests-2.32.4-pyhd8ed1ab_0.conda
https://metoffice.jfrog.io/metoffice/api/conda/conda-forge/noarch/typer-0.16.0-pyh167b9f4_0.conda
https://metoffice.jfrog.io/metoffice/api/conda/conda-forge/noarch/uvicorn-standard-0.35.0-h31011fe_0.conda
https://metoffice.jfrog.io/metoffice/api/conda/conda-forge/linux-64/cftime-1.6.4-py312hc0a28a1_1.conda
https://metoffice.jfrog.io/metoffice/api/conda/conda-forge/linux-64/contourpy-1.3.2-py312h68727a3_0.conda
https://metoffice.jfrog.io/metoffice/api/conda/conda-forge/noarch/docker-py-7.1.0-pyhd8ed1ab_1.conda
https://metoffice.jfrog.io/metoffice/api/conda/conda-forge/noarch/fastapi-cli-0.0.8-pyhd8ed1ab_0.conda
https://metoffice.jfrog.io/metoffice/api/conda/conda-forge/noarch/google-auth-2.40.3-pyhd8ed1ab_0.conda
https://metoffice.jfrog.io/metoffice/api/conda/conda-forge/noarch/jupyter_events-0.12.0-pyh29332c3_0.conda
https://metoffice.jfrog.io/metoffice/api/conda/conda-forge/linux-64/libarrow-dataset-19.0.1-hcb10f89_16_cpu.conda
https://metoffice.jfrog.io/metoffice/api/conda/conda-forge/noarch/nbclient-0.10.2-pyhd8ed1ab_0.conda
https://metoffice.jfrog.io/metoffice/api/conda/conda-forge/linux-64/numba-0.61.2-py312h7bcfee6_1.conda
https://metoffice.jfrog.io/metoffice/api/conda/conda-forge/linux-64/pandas-2.3.1-py312hf79963d_0.conda
https://metoffice.jfrog.io/metoffice/api/conda/conda-forge/linux-64/pytorch-2.7.1-cpu_mkl_py312_he6f58a3_102.conda
https://metoffice.jfrog.io/metoffice/api/conda/conda-forge/noarch/querystring_parser-1.2.4-pyhd8ed1ab_2.conda
https://metoffice.jfrog.io/metoffice/api/conda/conda-forge/linux-64/scipy-1.16.0-py312hf734454_0.conda
https://metoffice.jfrog.io/metoffice/api/conda/conda-forge/linux-64/shapely-2.1.1-py312h21f5128_0.conda
https://metoffice.jfrog.io/metoffice/api/conda/conda-forge/noarch/bokeh-3.7.3-pyhd8ed1ab_0.conda
https://metoffice.jfrog.io/metoffice/api/conda/conda-forge/linux-64/cf-units-3.3.0-py312hc0a28a1_0.conda
https://metoffice.jfrog.io/metoffice/api/conda/conda-forge/noarch/databricks-sdk-0.58.0-pyhd8ed1ab_0.conda
https://metoffice.jfrog.io/metoffice/api/conda/conda-forge/noarch/fastapi-0.116.1-h26c32bb_1.conda
https://metoffice.jfrog.io/metoffice/api/conda/conda-forge/linux-64/libarrow-substrait-19.0.1-h1bed206_16_cpu.conda
https://metoffice.jfrog.io/metoffice/api/conda/conda-forge/linux-64/matplotlib-base-3.10.3-py312hd3ec401_0.conda
https://metoffice.jfrog.io/metoffice/api/conda/conda-forge/noarch/nbconvert-core-7.16.6-pyh29332c3_0.conda
https://metoffice.jfrog.io/metoffice/api/conda/conda-forge/linux-64/netcdf4-1.7.2-nompi_py312h3805cb1_102.conda
https://metoffice.jfrog.io/metoffice/api/conda/conda-forge/linux-64/scikit-learn-1.7.0-py312h7a48858_1.conda
https://metoffice.jfrog.io/metoffice/api/conda/conda-forge/noarch/sparse-0.17.0-pyhcf101f3_0.conda
https://metoffice.jfrog.io/metoffice/api/conda/conda-forge/noarch/torchmetrics-1.7.4-pyhd8ed1ab_0.conda
https://metoffice.jfrog.io/metoffice/api/conda/conda-forge/noarch/xarray-2025.7.1-pyhd8ed1ab_0.conda
https://metoffice.jfrog.io/metoffice/api/conda/conda-forge/linux-64/cartopy-0.24.0-py312hf9745cd_0.conda
https://metoffice.jfrog.io/metoffice/api/conda/conda-forge/noarch/jupyter_server-2.16.0-pyhe01879c_0.conda
https://metoffice.jfrog.io/metoffice/api/conda/conda-forge/linux-64/mlflow-skinny-2.22.0-h7900ff3_0.conda
https://metoffice.jfrog.io/metoffice/api/conda/conda-forge/linux-64/pyarrow-19.0.1-py312h7900ff3_0.conda
https://metoffice.jfrog.io/metoffice/api/conda/conda-forge/noarch/pytorch-lightning-2.5.2-pyh2a12c56_0.conda
https://metoffice.jfrog.io/metoffice/api/conda/conda-forge/noarch/dask-2025.7.0-pyhe01879c_0.conda
https://metoffice.jfrog.io/metoffice/api/conda/conda-forge/noarch/iris-3.12.2-pyha770c72_0.conda
https://metoffice.jfrog.io/metoffice/api/conda/conda-forge/noarch/jupyter-lsp-2.2.5-pyhe01879c_2.conda
https://metoffice.jfrog.io/metoffice/api/conda/conda-forge/noarch/jupyter-server-proxy-4.4.0-pyhd8ed1ab_1.conda
https://metoffice.jfrog.io/metoffice/api/conda/conda-forge/noarch/jupyterlab_server-2.27.3-pyhd8ed1ab_1.conda
https://metoffice.jfrog.io/metoffice/api/conda/conda-forge/noarch/lightning-2.5.2-pyhd8ed1ab_0.conda
https://metoffice.jfrog.io/metoffice/api/conda/conda-forge/linux-64/mlflow-ui-2.22.0-py312h7900ff3_0.conda
https://metoffice.jfrog.io/metoffice/api/conda/conda-forge/noarch/notebook-shim-0.2.4-pyhd8ed1ab_1.conda
https://metoffice.jfrog.io/metoffice/api/conda/conda-forge/noarch/dask-glm-0.3.2-pyhd8ed1ab_0.conda
https://metoffice.jfrog.io/metoffice/api/conda/conda-forge/noarch/jupyterlab-4.4.4-pyhd8ed1ab_0.conda
https://metoffice.jfrog.io/metoffice/api/conda/conda-forge/linux-64/mlflow-2.22.0-h7900ff3_0.conda
https://metoffice.jfrog.io/metoffice/api/conda/conda-forge/noarch/dask-labextension-7.0.0-pyhd8ed1ab_1.conda
https://metoffice.jfrog.io/metoffice/api/conda/conda-forge/noarch/dask-ml-2025.1.0-pyhd8ed1ab_0.conda
