# This file may be used to create an environment using:
# $ conda create --name <env> --file <this file>
# platform: linux-64
@EXPLICIT
https://metoffice.jfrog.io/metoffice/api/conda/conda-forge/linux-64/_libgcc_mutex-0.1-conda_forge.tar.bz2
https://metoffice.jfrog.io/metoffice/api/conda/conda-forge/linux-64/ca-certificates-2022.6.15-ha878542_0.tar.bz2
https://metoffice.jfrog.io/metoffice/api/conda/conda-main/linux-64/intel-openmp-2022.0.1-h06a4308_3633.conda
https://metoffice.jfrog.io/metoffice/api/conda/conda-forge/linux-64/ld_impl_linux-64-2.36.1-hea4e1c9_2.tar.bz2
https://metoffice.jfrog.io/metoffice/api/conda/conda-forge/linux-64/libgfortran5-12.1.0-hdcd56e2_16.tar.bz2
https://metoffice.jfrog.io/metoffice/api/conda/conda-forge/linux-64/libstdcxx-ng-12.1.0-ha89aaad_16.tar.bz2
https://metoffice.jfrog.io/metoffice/api/conda/conda-forge/linux-64/pandoc-2.19-ha770c72_0.tar.bz2
https://metoffice.jfrog.io/metoffice/api/conda/conda-forge/noarch/pybind11-abi-4-hd8ed1ab_3.tar.bz2
https://metoffice.jfrog.io/metoffice/api/conda/conda-forge/linux-64/libgfortran-ng-12.1.0-h69a702a_16.tar.bz2
https://metoffice.jfrog.io/metoffice/api/conda/conda-forge/linux-64/libgomp-12.1.0-h8d9b700_16.tar.bz2
https://metoffice.jfrog.io/metoffice/api/conda/conda-main/linux-64/mkl-2022.0.1-h06a4308_117.conda
https://metoffice.jfrog.io/metoffice/api/conda/conda-forge/linux-64/_openmp_mutex-4.5-2_gnu.tar.bz2
https://metoffice.jfrog.io/metoffice/api/conda/conda-forge/linux-64/libblas-3.9.0-14_linux64_mkl.tar.bz2
https://metoffice.jfrog.io/metoffice/api/conda/conda-forge/linux-64/libcblas-3.9.0-14_linux64_mkl.tar.bz2
https://metoffice.jfrog.io/metoffice/api/conda/conda-forge/linux-64/libgcc-ng-12.1.0-h8d9b700_16.tar.bz2
https://metoffice.jfrog.io/metoffice/api/conda/conda-forge/linux-64/liblapack-3.9.0-14_linux64_mkl.tar.bz2
https://metoffice.jfrog.io/metoffice/api/conda/conda-forge/linux-64/abseil-cpp-20210324.2-h9c3ff4c_0.tar.bz2
https://metoffice.jfrog.io/metoffice/api/conda/conda-forge/linux-64/aws-c-common-0.6.2-h7f98852_0.tar.bz2
https://metoffice.jfrog.io/metoffice/api/conda/conda-forge/linux-64/bzip2-1.0.8-h7f98852_4.tar.bz2
https://metoffice.jfrog.io/metoffice/api/conda/conda-forge/linux-64/c-ares-1.18.1-h7f98852_0.tar.bz2
https://metoffice.jfrog.io/metoffice/api/conda/conda-forge/linux-64/expat-2.4.8-h27087fc_0.tar.bz2
https://metoffice.jfrog.io/metoffice/api/conda/conda-forge/linux-64/geos-3.9.1-h9c3ff4c_2.tar.bz2
https://metoffice.jfrog.io/metoffice/api/conda/conda-forge/linux-64/gflags-2.2.2-he1b5a44_1004.tar.bz2
https://metoffice.jfrog.io/metoffice/api/conda/conda-forge/linux-64/giflib-5.2.1-h36c2ea0_2.tar.bz2
https://metoffice.jfrog.io/metoffice/api/conda/conda-forge/linux-64/icu-70.1-h27087fc_0.tar.bz2
https://metoffice.jfrog.io/metoffice/api/conda/conda-forge/linux-64/jpeg-9e-h166bdaf_2.tar.bz2
https://metoffice.jfrog.io/metoffice/api/conda/conda-forge/linux-64/keyutils-1.6.1-h166bdaf_0.tar.bz2
https://metoffice.jfrog.io/metoffice/api/conda/conda-forge/linux-64/lerc-4.0.0-h27087fc_0.tar.bz2
https://metoffice.jfrog.io/metoffice/api/conda/conda-forge/linux-64/libbrotlicommon-1.0.9-h166bdaf_7.tar.bz2
https://metoffice.jfrog.io/metoffice/api/conda/conda-forge/linux-64/libcrc32c-1.1.2-h9c3ff4c_0.tar.bz2
https://metoffice.jfrog.io/metoffice/api/conda/conda-forge/linux-64/libdeflate-1.13-h166bdaf_0.tar.bz2
https://metoffice.jfrog.io/metoffice/api/conda/conda-forge/linux-64/libev-4.33-h516909a_1.tar.bz2
https://metoffice.jfrog.io/metoffice/api/conda/conda-forge/linux-64/libffi-3.4.2-h7f98852_5.tar.bz2
https://metoffice.jfrog.io/metoffice/api/conda/conda-forge/linux-64/libiconv-1.16-h516909a_0.tar.bz2
https://metoffice.jfrog.io/metoffice/api/conda/conda-forge/linux-64/libnsl-2.0.0-h7f98852_0.tar.bz2
https://metoffice.jfrog.io/metoffice/api/conda/conda-forge/linux-64/libsodium-1.0.18-h36c2ea0_1.tar.bz2
https://metoffice.jfrog.io/metoffice/api/conda/conda-forge/linux-64/libutf8proc-2.7.0-h7f98852_0.tar.bz2
https://metoffice.jfrog.io/metoffice/api/conda/conda-forge/linux-64/libuuid-2.32.1-h7f98852_1000.tar.bz2
https://metoffice.jfrog.io/metoffice/api/conda/conda-forge/linux-64/libwebp-base-1.2.3-h166bdaf_2.tar.bz2
https://metoffice.jfrog.io/metoffice/api/conda/conda-forge/linux-64/libzlib-1.2.12-h166bdaf_2.tar.bz2
https://metoffice.jfrog.io/metoffice/api/conda/conda-forge/linux-64/lz4-c-1.9.3-h9c3ff4c_1.tar.bz2
https://metoffice.jfrog.io/metoffice/api/conda/conda-forge/linux-64/ncurses-6.3-h27087fc_1.tar.bz2
https://metoffice.jfrog.io/metoffice/api/conda/conda-forge/linux-64/ninja-1.11.0-h924138e_0.tar.bz2
https://metoffice.jfrog.io/metoffice/api/conda/conda-forge/linux-64/openssl-1.1.1q-h166bdaf_0.tar.bz2
https://metoffice.jfrog.io/metoffice/api/conda/conda-forge/linux-64/pthread-stubs-0.4-h36c2ea0_1001.tar.bz2
https://metoffice.jfrog.io/metoffice/api/conda/conda-forge/linux-64/re2-2022.02.01-h9c3ff4c_0.tar.bz2
https://metoffice.jfrog.io/metoffice/api/conda/conda-forge/linux-64/sleef-3.5.1-h9b69904_2.tar.bz2
https://metoffice.jfrog.io/metoffice/api/conda/conda-forge/linux-64/snappy-1.1.9-hbd366e4_1.tar.bz2
https://metoffice.jfrog.io/metoffice/api/conda/conda-forge/linux-64/xorg-libxau-1.0.9-h7f98852_0.tar.bz2
https://metoffice.jfrog.io/metoffice/api/conda/conda-forge/linux-64/xorg-libxdmcp-1.1.3-h7f98852_0.tar.bz2
https://metoffice.jfrog.io/metoffice/api/conda/conda-forge/linux-64/xxhash-0.8.0-h7f98852_3.tar.bz2
https://metoffice.jfrog.io/metoffice/api/conda/conda-forge/linux-64/xz-5.2.5-h516909a_1.tar.bz2
https://metoffice.jfrog.io/metoffice/api/conda/conda-forge/linux-64/yaml-0.2.5-h7f98852_2.tar.bz2
https://metoffice.jfrog.io/metoffice/api/conda/conda-forge/linux-64/aws-c-cal-0.5.11-h95a6274_0.tar.bz2
https://metoffice.jfrog.io/metoffice/api/conda/conda-forge/linux-64/aws-checksums-0.1.11-ha31a3da_7.tar.bz2
https://metoffice.jfrog.io/metoffice/api/conda/conda-forge/linux-64/glog-0.6.0-h6f12383_0.tar.bz2
https://metoffice.jfrog.io/metoffice/api/conda/conda-forge/linux-64/libbrotlidec-1.0.9-h166bdaf_7.tar.bz2
https://metoffice.jfrog.io/metoffice/api/conda/conda-forge/linux-64/libbrotlienc-1.0.9-h166bdaf_7.tar.bz2
https://metoffice.jfrog.io/metoffice/api/conda/conda-forge/linux-64/libedit-3.1.20191231-he28a2e2_2.tar.bz2
https://metoffice.jfrog.io/metoffice/api/conda/conda-forge/linux-64/libevent-2.1.10-h9b69904_4.tar.bz2
https://metoffice.jfrog.io/metoffice/api/conda/conda-forge/linux-64/libxcb-1.13-h7f98852_1004.tar.bz2
https://metoffice.jfrog.io/metoffice/api/conda/conda-forge/linux-64/readline-8.1.2-h0f457ee_0.tar.bz2
https://metoffice.jfrog.io/metoffice/api/conda/conda-forge/linux-64/s2n-1.0.10-h9b69904_0.tar.bz2
https://metoffice.jfrog.io/metoffice/api/conda/conda-forge/linux-64/tk-8.6.12-h27826a3_0.tar.bz2
https://metoffice.jfrog.io/metoffice/api/conda/conda-forge/linux-64/udunits2-2.2.28-hc3e0081_0.tar.bz2
https://metoffice.jfrog.io/metoffice/api/conda/conda-forge/linux-64/zeromq-4.3.4-h9c3ff4c_1.tar.bz2
https://metoffice.jfrog.io/metoffice/api/conda/conda-forge/linux-64/zlib-1.2.12-h166bdaf_2.tar.bz2
https://metoffice.jfrog.io/metoffice/api/conda/conda-forge/linux-64/zstd-1.5.2-h8a70e8d_3.tar.bz2
https://metoffice.jfrog.io/metoffice/api/conda/conda-forge/linux-64/aws-c-io-0.10.5-hfb6a706_0.tar.bz2
https://metoffice.jfrog.io/metoffice/api/conda/conda-forge/linux-64/brotli-bin-1.0.9-h166bdaf_7.tar.bz2
https://metoffice.jfrog.io/metoffice/api/conda/conda-forge/linux-64/hdf4-4.2.15-h10796ff_3.tar.bz2
https://metoffice.jfrog.io/metoffice/api/conda/conda-forge/linux-64/krb5-1.19.3-h3790be6_0.tar.bz2
https://metoffice.jfrog.io/metoffice/api/conda/conda-forge/linux-64/libllvm10-10.0.1-he513fc3_3.tar.bz2
https://metoffice.jfrog.io/metoffice/api/conda/conda-forge/linux-64/libnghttp2-1.47.0-h727a467_0.tar.bz2
https://metoffice.jfrog.io/metoffice/api/conda/conda-forge/linux-64/libpng-1.6.37-h753d276_3.tar.bz2
https://metoffice.jfrog.io/metoffice/api/conda/conda-forge/linux-64/libprotobuf-3.19.4-h780b84a_0.tar.bz2
https://metoffice.jfrog.io/metoffice/api/conda/conda-forge/linux-64/libssh2-1.10.0-ha56f1ee_2.tar.bz2
https://metoffice.jfrog.io/metoffice/api/conda/conda-forge/linux-64/libthrift-0.16.0-h519c5ea_1.tar.bz2
https://metoffice.jfrog.io/metoffice/api/conda/conda-forge/linux-64/libtiff-4.4.0-h0e0dad5_3.tar.bz2
https://metoffice.jfrog.io/metoffice/api/conda/conda-forge/linux-64/libxml2-2.9.14-h22db469_3.tar.bz2
https://metoffice.jfrog.io/metoffice/api/conda/conda-forge/linux-64/libzip-1.9.2-hc869a4a_0.tar.bz2
https://metoffice.jfrog.io/metoffice/api/conda/conda-forge/linux-64/sqlite-3.39.2-h4ff8645_0.tar.bz2
https://metoffice.jfrog.io/metoffice/api/conda/conda-forge/linux-64/aws-c-event-stream-0.2.7-h3541f99_13.tar.bz2
https://metoffice.jfrog.io/metoffice/api/conda/conda-forge/linux-64/brotli-1.0.9-h166bdaf_7.tar.bz2
https://metoffice.jfrog.io/metoffice/api/conda/conda-forge/linux-64/freetype-2.10.4-hca18f0e_2.tar.bz2
https://metoffice.jfrog.io/metoffice/api/conda/conda-forge/linux-64/grpc-cpp-1.43.2-h9e046d8_3.tar.bz2
https://metoffice.jfrog.io/metoffice/api/conda/conda-forge/linux-64/lcms2-2.12-hddcbb42_0.tar.bz2
https://metoffice.jfrog.io/metoffice/api/conda/conda-forge/linux-64/libcurl-7.83.1-h7bff187_0.tar.bz2
https://metoffice.jfrog.io/metoffice/api/conda/conda-forge/linux-64/libwebp-1.2.3-h522a892_1.tar.bz2
https://metoffice.jfrog.io/metoffice/api/conda/conda-forge/linux-64/libxslt-1.1.35-h8affb1d_0.tar.bz2
https://metoffice.jfrog.io/metoffice/api/conda/conda-forge/linux-64/openjpeg-2.4.0-hb52868f_1.tar.bz2
https://metoffice.jfrog.io/metoffice/api/conda/conda-forge/linux-64/orc-1.7.3-h1be678f_0.tar.bz2
https://metoffice.jfrog.io/metoffice/api/conda/conda-forge/linux-64/python-3.8.13-h582c2e5_0_cpython.tar.bz2
https://metoffice.jfrog.io/metoffice/api/conda/conda-forge/noarch/appdirs-1.4.4-pyh9f0ad1d_0.tar.bz2
https://metoffice.jfrog.io/metoffice/api/conda/conda-forge/noarch/asn1crypto-1.5.1-pyhd8ed1ab_0.tar.bz2
https://metoffice.jfrog.io/metoffice/api/conda/conda-forge/noarch/attrs-22.1.0-pyh71513ae_1.tar.bz2
https://metoffice.jfrog.io/metoffice/api/conda/conda-forge/linux-64/aws-sdk-cpp-1.8.186-hb4091e7_3.tar.bz2
https://metoffice.jfrog.io/metoffice/api/conda/conda-forge/noarch/backcall-0.2.0-pyh9f0ad1d_0.tar.bz2
https://metoffice.jfrog.io/metoffice/api/conda/conda-forge/noarch/backports-1.0-py_2.tar.bz2
https://metoffice.jfrog.io/metoffice/api/conda/conda-forge/noarch/blinker-1.4-py_1.tar.bz2
https://metoffice.jfrog.io/metoffice/api/conda/conda-forge/noarch/charset-normalizer-2.1.0-pyhd8ed1ab_0.tar.bz2
https://metoffice.jfrog.io/metoffice/api/conda/conda-forge/noarch/cloudpickle-2.1.0-pyhd8ed1ab_0.tar.bz2
https://metoffice.jfrog.io/metoffice/api/conda/conda-forge/noarch/colorama-0.4.5-pyhd8ed1ab_0.tar.bz2
https://metoffice.jfrog.io/metoffice/api/conda/conda-forge/noarch/configparser-5.2.0-pyhd8ed1ab_0.tar.bz2
https://metoffice.jfrog.io/metoffice/api/conda/conda-forge/linux-64/curl-7.83.1-h7bff187_0.tar.bz2
https://metoffice.jfrog.io/metoffice/api/conda/conda-forge/noarch/cycler-0.11.0-pyhd8ed1ab_0.tar.bz2
https://metoffice.jfrog.io/metoffice/api/conda/conda-forge/noarch/decorator-5.1.1-pyhd8ed1ab_0.tar.bz2
https://metoffice.jfrog.io/metoffice/api/conda/conda-forge/noarch/defusedxml-0.7.1-pyhd8ed1ab_0.tar.bz2
https://metoffice.jfrog.io/metoffice/api/conda/conda-forge/noarch/entrypoints-0.4-pyhd8ed1ab_0.tar.bz2
https://metoffice.jfrog.io/metoffice/api/conda/conda-forge/noarch/executing-0.9.1-pyhd8ed1ab_0.tar.bz2
https://metoffice.jfrog.io/metoffice/api/conda/conda-forge/noarch/flit-core-3.7.1-pyhd8ed1ab_0.tar.bz2
https://metoffice.jfrog.io/metoffice/api/conda/conda-forge/noarch/fsspec-2022.7.1-pyhd8ed1ab_0.tar.bz2
https://metoffice.jfrog.io/metoffice/api/conda/conda-forge/linux-64/hdf5-1.12.2-nompi_h2386368_100.tar.bz2
https://metoffice.jfrog.io/metoffice/api/conda/conda-forge/noarch/heapdict-1.0.1-py_0.tar.bz2
https://metoffice.jfrog.io/metoffice/api/conda/conda-forge/noarch/htmlmin-0.1.12-py_1.tar.bz2
https://metoffice.jfrog.io/metoffice/api/conda/conda-forge/noarch/idna-3.3-pyhd8ed1ab_0.tar.bz2
https://metoffice.jfrog.io/metoffice/api/conda/conda-forge/noarch/ipython_genutils-0.2.0-py_1.tar.bz2
https://metoffice.jfrog.io/metoffice/api/conda/conda-forge/noarch/itsdangerous-2.1.2-pyhd8ed1ab_0.tar.bz2
https://metoffice.jfrog.io/metoffice/api/conda/conda-forge/noarch/json5-0.9.5-pyh9f0ad1d_0.tar.bz2
https://metoffice.jfrog.io/metoffice/api/conda/conda-forge/noarch/jupyterlab_widgets-1.1.1-pyhd8ed1ab_0.tar.bz2
https://metoffice.jfrog.io/metoffice/api/conda/conda-forge/linux-64/libgoogle-cloud-1.36.0-h6945097_0.tar.bz2
https://metoffice.jfrog.io/metoffice/api/conda/conda-forge/noarch/locket-1.0.0-pyhd8ed1ab_0.tar.bz2
https://metoffice.jfrog.io/metoffice/api/conda/conda-forge/noarch/multimethod-1.4-py_0.tar.bz2
https://metoffice.jfrog.io/metoffice/api/conda/conda-forge/noarch/munkres-1.1.4-pyh9f0ad1d_0.tar.bz2
https://metoffice.jfrog.io/metoffice/api/conda/conda-forge/noarch/nest-asyncio-1.5.5-pyhd8ed1ab_0.tar.bz2
https://metoffice.jfrog.io/metoffice/api/conda/conda-forge/noarch/networkx-2.8.5-pyhd8ed1ab_0.tar.bz2
https://metoffice.jfrog.io/metoffice/api/conda/conda-forge/noarch/pandocfilters-1.5.0-pyhd8ed1ab_0.tar.bz2
https://metoffice.jfrog.io/metoffice/api/conda/conda-forge/noarch/parso-0.8.3-pyhd8ed1ab_0.tar.bz2
https://metoffice.jfrog.io/metoffice/api/conda/conda-forge/noarch/pickleshare-0.7.5-py_1003.tar.bz2
https://metoffice.jfrog.io/metoffice/api/conda/conda-forge/noarch/pkgutil-resolve-name-1.3.10-pyhd8ed1ab_0.tar.bz2
https://metoffice.jfrog.io/metoffice/api/conda/conda-forge/linux-64/proj-7.2.0-h277dcde_2.tar.bz2
https://metoffice.jfrog.io/metoffice/api/conda/conda-forge/noarch/prometheus_client-0.14.1-pyhd8ed1ab_0.tar.bz2
https://metoffice.jfrog.io/metoffice/api/conda/conda-forge/noarch/ptyprocess-0.7.0-pyhd3deb0d_0.tar.bz2
https://metoffice.jfrog.io/metoffice/api/conda/conda-forge/noarch/pure_eval-0.2.2-pyhd8ed1ab_0.tar.bz2
https://metoffice.jfrog.io/metoffice/api/conda/conda-forge/noarch/pycparser-2.21-pyhd8ed1ab_0.tar.bz2
https://metoffice.jfrog.io/metoffice/api/conda/conda-forge/noarch/pyjwt-2.4.0-pyhd8ed1ab_0.tar.bz2
https://metoffice.jfrog.io/metoffice/api/conda/conda-forge/noarch/pyparsing-3.0.9-pyhd8ed1ab_0.tar.bz2
https://metoffice.jfrog.io/metoffice/api/conda/conda-forge/noarch/pyshp-2.3.1-pyhd8ed1ab_0.tar.bz2
https://metoffice.jfrog.io/metoffice/api/conda/conda-forge/noarch/python-fastjsonschema-2.16.1-pyhd8ed1ab_0.tar.bz2
https://metoffice.jfrog.io/metoffice/api/conda/conda-forge/linux-64/python_abi-3.8-2_cp38.tar.bz2
https://metoffice.jfrog.io/metoffice/api/conda/conda-forge/noarch/pytz-2022.1-pyhd8ed1ab_0.tar.bz2
https://metoffice.jfrog.io/metoffice/api/conda/conda-forge/noarch/send2trash-1.8.0-pyhd8ed1ab_0.tar.bz2
https://metoffice.jfrog.io/metoffice/api/conda/conda-forge/noarch/simpervisor-0.4-pyhd8ed1ab_0.tar.bz2
https://metoffice.jfrog.io/metoffice/api/conda/conda-forge/noarch/six-1.16.0-pyh6c4a22f_0.tar.bz2
https://metoffice.jfrog.io/metoffice/api/conda/conda-forge/noarch/slicer-0.0.7-pyhd8ed1ab_0.tar.bz2
https://metoffice.jfrog.io/metoffice/api/conda/conda-forge/noarch/smmap-3.0.5-pyh44b312d_0.tar.bz2
https://metoffice.jfrog.io/metoffice/api/conda/conda-forge/noarch/sortedcontainers-2.4.0-pyhd8ed1ab_0.tar.bz2
https://metoffice.jfrog.io/metoffice/api/conda/conda-forge/noarch/soupsieve-2.3.2.post1-pyhd8ed1ab_0.tar.bz2
https://metoffice.jfrog.io/metoffice/api/conda/conda-forge/noarch/sqlparse-0.4.2-pyhd8ed1ab_0.tar.bz2
https://metoffice.jfrog.io/metoffice/api/conda/conda-forge/noarch/tabulate-0.8.10-pyhd8ed1ab_0.tar.bz2
https://metoffice.jfrog.io/metoffice/api/conda/conda-forge/noarch/tangled-up-in-unicode-0.2.0-pyhd8ed1ab_0.tar.bz2
https://metoffice.jfrog.io/metoffice/api/conda/conda-forge/noarch/tblib-1.7.0-pyhd8ed1ab_0.tar.bz2
https://metoffice.jfrog.io/metoffice/api/conda/conda-forge/noarch/threadpoolctl-3.1.0-pyh8a188c0_0.tar.bz2
https://metoffice.jfrog.io/metoffice/api/conda/conda-forge/noarch/toolz-0.12.0-pyhd8ed1ab_0.tar.bz2
https://metoffice.jfrog.io/metoffice/api/conda/conda-forge/noarch/traitlets-5.3.0-pyhd8ed1ab_0.tar.bz2
https://metoffice.jfrog.io/metoffice/api/conda/conda-forge/noarch/typing_extensions-4.3.0-pyha770c72_0.tar.bz2
https://metoffice.jfrog.io/metoffice/api/conda/conda-forge/noarch/webencodings-0.5.1-py_1.tar.bz2
https://metoffice.jfrog.io/metoffice/api/conda/conda-forge/noarch/websocket-client-1.3.3-pyhd8ed1ab_0.tar.bz2
https://metoffice.jfrog.io/metoffice/api/conda/conda-forge/noarch/wheel-0.37.1-pyhd8ed1ab_0.tar.bz2
https://metoffice.jfrog.io/metoffice/api/conda/conda-forge/noarch/zipp-3.8.1-pyhd8ed1ab_0.tar.bz2
https://metoffice.jfrog.io/metoffice/api/conda/conda-forge/linux-64/antlr-python-runtime-4.7.2-py38h578d9bd_1003.tar.bz2
https://metoffice.jfrog.io/metoffice/api/conda/conda-forge/noarch/asttokens-2.0.5-pyhd8ed1ab_0.tar.bz2
https://metoffice.jfrog.io/metoffice/api/conda/conda-forge/noarch/babel-2.10.3-pyhd8ed1ab_0.tar.bz2
https://metoffice.jfrog.io/metoffice/api/conda/conda-forge/noarch/beautifulsoup4-4.11.1-pyha770c72_0.tar.bz2
https://metoffice.jfrog.io/metoffice/api/conda/conda-forge/linux-64/certifi-2022.6.15-py38h578d9bd_0.tar.bz2
https://metoffice.jfrog.io/metoffice/api/conda/conda-forge/linux-64/cffi-1.15.1-py38h4a40e3a_0.tar.bz2
https://metoffice.jfrog.io/metoffice/api/conda/conda-forge/linux-64/click-8.1.3-py38h578d9bd_0.tar.bz2
https://metoffice.jfrog.io/metoffice/api/conda/conda-forge/linux-64/cytoolz-0.12.0-py38h0a891b7_0.tar.bz2
https://metoffice.jfrog.io/metoffice/api/conda/conda-forge/linux-64/debugpy-1.6.0-py38hfa26641_0.tar.bz2
https://metoffice.jfrog.io/metoffice/api/conda/conda-forge/noarch/docker-pycreds-0.4.0-py_0.tar.bz2
https://metoffice.jfrog.io/metoffice/api/conda/conda-forge/linux-64/frozenlist-1.3.1-py38h0a891b7_0.tar.bz2
https://metoffice.jfrog.io/metoffice/api/conda/conda-forge/linux-64/future-0.18.2-py38h578d9bd_5.tar.bz2
https://metoffice.jfrog.io/metoffice/api/conda/conda-forge/noarch/gitdb-4.0.9-pyhd8ed1ab_0.tar.bz2
https://metoffice.jfrog.io/metoffice/api/conda/conda-forge/linux-64/greenlet-1.1.2-py38hfa26641_2.tar.bz2
https://metoffice.jfrog.io/metoffice/api/conda/conda-forge/linux-64/importlib-metadata-4.11.4-py38h578d9bd_0.tar.bz2
https://metoffice.jfrog.io/metoffice/api/conda/conda-forge/noarch/importlib_resources-5.9.0-pyhd8ed1ab_0.tar.bz2
https://metoffice.jfrog.io/metoffice/api/conda/conda-forge/noarch/jedi-0.18.1-pyhd8ed1ab_2.tar.bz2
https://metoffice.jfrog.io/metoffice/api/conda/conda-forge/linux-64/jupyter_core-4.11.1-py38h578d9bd_0.tar.bz2
https://metoffice.jfrog.io/metoffice/api/conda/conda-forge/linux-64/kiwisolver-1.4.4-py38h43d8883_0.tar.bz2
https://metoffice.jfrog.io/metoffice/api/conda/conda-forge/linux-64/libnetcdf-4.8.1-nompi_h21705cb_103.tar.bz2
https://metoffice.jfrog.io/metoffice/api/conda/conda-forge/linux-64/llvmlite-0.36.0-py38h4630a5e_0.tar.bz2
https://metoffice.jfrog.io/metoffice/api/conda/conda-forge/linux-64/lxml-4.9.1-py38h0a891b7_0.tar.bz2
https://metoffice.jfrog.io/metoffice/api/conda/conda-forge/linux-64/lz4-4.0.0-py38h1bf946c_2.tar.bz2
https://metoffice.jfrog.io/metoffice/api/conda/conda-forge/linux-64/markupsafe-2.1.1-py38h0a891b7_1.tar.bz2
https://metoffice.jfrog.io/metoffice/api/conda/conda-forge/noarch/matplotlib-inline-0.1.3-pyhd8ed1ab_0.tar.bz2
https://metoffice.jfrog.io/metoffice/api/conda/conda-forge/linux-64/mistune-0.8.4-py38h497a2fe_1005.tar.bz2
https://metoffice.jfrog.io/metoffice/api/conda/conda-forge/linux-64/msgpack-python-1.0.4-py38h43d8883_0.tar.bz2
https://metoffice.jfrog.io/metoffice/api/conda/conda-forge/linux-64/multidict-6.0.2-py38h0a891b7_1.tar.bz2
https://metoffice.jfrog.io/metoffice/api/conda/conda-forge/noarch/multipledispatch-0.6.0-py_0.tar.bz2
https://metoffice.jfrog.io/metoffice/api/conda/conda-forge/linux-64/numpy-1.23.1-py38h3a7f9d9_0.tar.bz2
https://metoffice.jfrog.io/metoffice/api/conda/conda-forge/noarch/packaging-21.3-pyhd8ed1ab_0.tar.bz2
https://metoffice.jfrog.io/metoffice/api/conda/conda-forge/noarch/partd-1.2.0-pyhd8ed1ab_0.tar.bz2
https://metoffice.jfrog.io/metoffice/api/conda/conda-forge/noarch/pexpect-4.8.0-pyh9f0ad1d_2.tar.bz2
https://metoffice.jfrog.io/metoffice/api/conda/conda-forge/linux-64/pillow-9.2.0-py38h0ee0e06_0.tar.bz2
https://metoffice.jfrog.io/metoffice/api/conda/conda-forge/linux-64/psutil-5.9.1-py38h0a891b7_0.tar.bz2
https://metoffice.jfrog.io/metoffice/api/conda/conda-forge/linux-64/pyrsistent-0.18.1-py38h0a891b7_1.tar.bz2
https://metoffice.jfrog.io/metoffice/api/conda/conda-forge/linux-64/pysocks-1.7.1-py38h578d9bd_5.tar.bz2
https://metoffice.jfrog.io/metoffice/api/conda/conda-forge/noarch/python-dateutil-2.8.2-pyhd8ed1ab_0.tar.bz2
https://metoffice.jfrog.io/metoffice/api/conda/conda-forge/linux-64/python-xxhash-3.0.0-py38h0a891b7_1.tar.bz2
https://metoffice.jfrog.io/metoffice/api/conda/conda-forge/linux-64/pyyaml-6.0-py38h0a891b7_4.tar.bz2
https://metoffice.jfrog.io/metoffice/api/conda/conda-forge/linux-64/pyzmq-23.2.0-py38hfc09fa9_0.tar.bz2
https://metoffice.jfrog.io/metoffice/api/conda/conda-forge/linux-64/setuptools-59.5.0-py38h578d9bd_0.tar.bz2
https://metoffice.jfrog.io/metoffice/api/conda/conda-forge/linux-64/sniffio-1.2.0-py38h578d9bd_3.tar.bz2
https://metoffice.jfrog.io/metoffice/api/conda/conda-forge/noarch/tinycss2-1.1.1-pyhd8ed1ab_0.tar.bz2
https://metoffice.jfrog.io/metoffice/api/conda/conda-forge/linux-64/tornado-6.2-py38h0a891b7_0.tar.bz2
https://metoffice.jfrog.io/metoffice/api/conda/conda-forge/noarch/tqdm-4.64.0-pyhd8ed1ab_0.tar.bz2
https://metoffice.jfrog.io/metoffice/api/conda/conda-forge/noarch/typing-extensions-4.3.0-hd8ed1ab_0.tar.bz2
https://metoffice.jfrog.io/metoffice/api/conda/conda-forge/linux-64/unicodedata2-14.0.0-py38h0a891b7_1.tar.bz2
https://metoffice.jfrog.io/metoffice/api/conda/conda-forge/noarch/zict-2.2.0-pyhd8ed1ab_0.tar.bz2
https://metoffice.jfrog.io/metoffice/api/conda/conda-forge/noarch/aiosignal-1.2.0-pyhd8ed1ab_0.tar.bz2
https://metoffice.jfrog.io/metoffice/api/conda/conda-forge/noarch/anyio-3.6.1-pyhd8ed1ab_1.tar.bz2
https://metoffice.jfrog.io/metoffice/api/conda/conda-forge/linux-64/argon2-cffi-bindings-21.2.0-py38h0a891b7_2.tar.bz2
https://metoffice.jfrog.io/metoffice/api/conda/conda-forge/linux-64/arrow-cpp-8.0.0-py38hfe422aa_1_cpu.tar.bz2
https://metoffice.jfrog.io/metoffice/api/conda/conda-forge/noarch/async-timeout-4.0.2-pyhd8ed1ab_0.tar.bz2
https://metoffice.jfrog.io/metoffice/api/conda/conda-forge/noarch/backports.functools_lru_cache-1.6.4-pyhd8ed1ab_0.tar.bz2
https://metoffice.jfrog.io/metoffice/api/conda/conda-forge/noarch/bleach-5.0.1-pyhd8ed1ab_0.tar.bz2
https://metoffice.jfrog.io/metoffice/api/conda/conda-forge/linux-64/brotlipy-0.7.0-py38h0a891b7_1004.tar.bz2
https://metoffice.jfrog.io/metoffice/api/conda/conda-forge/linux-64/cftime-1.6.1-py38h71d37f0_0.tar.bz2
https://metoffice.jfrog.io/metoffice/api/conda/conda-forge/linux-64/cryptography-37.0.4-py38h2b5fc30_0.tar.bz2
https://metoffice.jfrog.io/metoffice/api/conda/conda-forge/noarch/dask-core-2022.6.1-pyhd8ed1ab_0.tar.bz2
https://metoffice.jfrog.io/metoffice/api/conda/conda-forge/linux-64/fonttools-4.34.4-py38h0a891b7_0.tar.bz2
https://metoffice.jfrog.io/metoffice/api/conda/conda-forge/noarch/gitpython-3.1.27-pyhd8ed1ab_0.tar.bz2
https://metoffice.jfrog.io/metoffice/api/conda/conda-forge/linux-64/gunicorn-20.1.0-py38h578d9bd_2.tar.bz2
https://metoffice.jfrog.io/metoffice/api/conda/conda-forge/noarch/importlib_metadata-4.11.4-hd8ed1ab_0.tar.bz2
https://metoffice.jfrog.io/metoffice/api/conda/conda-forge/noarch/jinja2-3.1.2-pyhd8ed1ab_1.tar.bz2
https://metoffice.jfrog.io/metoffice/api/conda/conda-forge/noarch/joblib-1.1.0-pyhd8ed1ab_0.tar.bz2
https://metoffice.jfrog.io/metoffice/api/conda/conda-forge/noarch/jsonschema-4.9.1-pyhd8ed1ab_0.tar.bz2
https://metoffice.jfrog.io/metoffice/api/conda/conda-forge/noarch/jupyter_client-7.3.4-pyhd8ed1ab_0.tar.bz2
https://metoffice.jfrog.io/metoffice/api/conda/conda-forge/noarch/mako-1.2.1-pyhd8ed1ab_0.tar.bz2
https://metoffice.jfrog.io/metoffice/api/conda/conda-forge/noarch/markdown-3.4.1-pyhd8ed1ab_0.tar.bz2
https://metoffice.jfrog.io/metoffice/api/conda/conda-forge/linux-64/numba-0.53.1-py38h8b71fd7_1.tar.bz2
https://metoffice.jfrog.io/metoffice/api/conda/conda-forge/linux-64/pandas-1.4.3-py38h47df419_0.tar.bz2
https://metoffice.jfrog.io/metoffice/api/conda/conda-forge/noarch/pip-22.2.2-pyhd8ed1ab_0.tar.bz2
https://metoffice.jfrog.io/metoffice/api/conda/conda-forge/linux-64/protobuf-3.19.4-py38h709712a_0.tar.bz2
https://metoffice.jfrog.io/metoffice/api/conda/conda-forge/linux-64/pydantic-1.9.1-py38h0a891b7_0.tar.bz2
https://metoffice.jfrog.io/metoffice/api/conda/conda-forge/noarch/pygments-2.12.0-pyhd8ed1ab_0.tar.bz2
https://metoffice.jfrog.io/metoffice/api/conda/conda-forge/linux-64/pytorch-1.10.2-cpu_py38hb2150b6_1.tar.bz2
https://metoffice.jfrog.io/metoffice/api/conda/conda-forge/linux-64/pywavelets-1.3.0-py38h71d37f0_1.tar.bz2
https://metoffice.jfrog.io/metoffice/api/conda/conda-forge/linux-64/scipy-1.9.0-py38hea3f02b_0.tar.bz2
https://metoffice.jfrog.io/metoffice/api/conda/conda-forge/linux-64/shapely-1.8.0-py38hb7fe4a8_0.tar.bz2
https://metoffice.jfrog.io/metoffice/api/conda/conda-forge/linux-64/sqlalchemy-1.4.40-py38h0a891b7_0.tar.bz2
https://metoffice.jfrog.io/metoffice/api/conda/conda-forge/noarch/stack_data-0.3.0-pyhd8ed1ab_0.tar.bz2
https://metoffice.jfrog.io/metoffice/api/conda/conda-forge/linux-64/terminado-0.15.0-py38h578d9bd_0.tar.bz2
https://metoffice.jfrog.io/metoffice/api/conda/conda-forge/noarch/werkzeug-2.2.2-pyhd8ed1ab_0.tar.bz2
https://metoffice.jfrog.io/metoffice/api/conda/conda-forge/linux-64/yarl-1.7.2-py38h0a891b7_2.tar.bz2
https://metoffice.jfrog.io/metoffice/api/conda/conda-forge/linux-64/aiohttp-3.8.1-py38h0a891b7_1.tar.bz2
https://metoffice.jfrog.io/metoffice/api/conda/conda-forge/noarch/alembic-1.8.1-pyhd8ed1ab_0.tar.bz2
https://metoffice.jfrog.io/metoffice/api/conda/conda-forge/noarch/argon2-cffi-21.3.0-pyhd8ed1ab_0.tar.bz2
https://metoffice.jfrog.io/metoffice/api/conda/conda-forge/noarch/bokeh-2.4.3-pyhd8ed1ab_1.tar.bz2
https://metoffice.jfrog.io/metoffice/api/conda/conda-forge/linux-64/cf-units-3.1.1-py38h71d37f0_0.tar.bz2
https://metoffice.jfrog.io/metoffice/api/conda/conda-forge/noarch/flask-2.2.2-pyhd8ed1ab_0.tar.bz2
https://metoffice.jfrog.io/metoffice/api/conda/conda-forge/noarch/imagehash-4.2.1-pyhd8ed1ab_0.tar.bz2
https://metoffice.jfrog.io/metoffice/api/conda/conda-forge/noarch/jupyterlab_pygments-0.2.2-pyhd8ed1ab_0.tar.bz2
https://metoffice.jfrog.io/metoffice/api/conda/conda-forge/linux-64/matplotlib-base-3.5.2-py38h826bfd8_1.tar.bz2
https://metoffice.jfrog.io/metoffice/api/conda/conda-forge/noarch/nbformat-5.4.0-pyhd8ed1ab_0.tar.bz2
https://metoffice.jfrog.io/metoffice/api/conda/conda-forge/linux-64/netcdf4-1.6.0-nompi_py38h32db9c8_101.tar.bz2
https://metoffice.jfrog.io/metoffice/api/conda/conda-forge/noarch/oauthlib-3.2.0-pyhd8ed1ab_0.tar.bz2
https://metoffice.jfrog.io/metoffice/api/conda/conda-forge/noarch/parquet-cpp-1.5.1-2.tar.bz2
https://metoffice.jfrog.io/metoffice/api/conda/conda-forge/noarch/patsy-0.5.2-pyhd8ed1ab_0.tar.bz2
https://metoffice.jfrog.io/metoffice/api/conda/conda-forge/noarch/pyopenssl-22.0.0-pyhd8ed1ab_0.tar.bz2
https://metoffice.jfrog.io/metoffice/api/conda/conda-forge/linux-64/scikit-learn-1.0.2-py38h1561384_0.tar.bz2
https://metoffice.jfrog.io/metoffice/api/conda/conda-forge/noarch/visions-0.7.4-pyhd8ed1ab_0.tar.bz2
https://metoffice.jfrog.io/metoffice/api/conda/conda-forge/noarch/wcwidth-0.2.5-pyh9f0ad1d_2.tar.bz2
https://metoffice.jfrog.io/metoffice/api/conda/conda-forge/noarch/xarray-0.20.2-pyhd8ed1ab_0.tar.bz2
https://metoffice.jfrog.io/metoffice/api/conda/conda-forge/linux-64/cartopy-0.18.0-py38hab71064_13.tar.bz2
https://metoffice.jfrog.io/metoffice/api/conda/conda-forge/noarch/nbclient-0.6.6-pyhd8ed1ab_0.tar.bz2
https://metoffice.jfrog.io/metoffice/api/conda/conda-forge/linux-64/phik-0.12.2-py38h4e180cd_0.tar.bz2
https://metoffice.jfrog.io/metoffice/api/conda/conda-forge/noarch/prometheus_flask_exporter-0.20.3-pyhd8ed1ab_0.tar.bz2
https://metoffice.jfrog.io/metoffice/api/conda/conda-forge/noarch/prompt-toolkit-3.0.30-pyha770c72_0.tar.bz2
https://metoffice.jfrog.io/metoffice/api/conda/conda-forge/linux-64/pyarrow-8.0.0-py38h9f6a473_1_cpu.tar.bz2
https://metoffice.jfrog.io/metoffice/api/conda/conda-forge/noarch/seaborn-base-0.11.2-pyhd8ed1ab_0.tar.bz2
https://metoffice.jfrog.io/metoffice/api/conda/conda-forge/linux-64/shap-0.41.0-py38h47df419_0.tar.bz2
https://metoffice.jfrog.io/metoffice/api/conda/conda-forge/linux-64/statsmodels-0.13.2-py38h71d37f0_0.tar.bz2
https://metoffice.jfrog.io/metoffice/api/conda/conda-forge/noarch/urllib3-1.26.11-pyhd8ed1ab_0.tar.bz2
https://metoffice.jfrog.io/metoffice/api/conda/conda-forge/noarch/distributed-2022.6.1-pyhd8ed1ab_0.tar.bz2
https://metoffice.jfrog.io/metoffice/api/conda/conda-forge/linux-64/ipython-8.4.0-py38h578d9bd_0.tar.bz2
https://metoffice.jfrog.io/metoffice/api/conda/conda-forge/noarch/iris-3.1.0-pyhd8ed1ab_3.tar.bz2
https://metoffice.jfrog.io/metoffice/api/conda/conda-forge/noarch/nbconvert-core-6.5.2-pyhd8ed1ab_0.tar.bz2
https://metoffice.jfrog.io/metoffice/api/conda/conda-forge/noarch/requests-2.28.1-pyhd8ed1ab_0.tar.bz2
https://metoffice.jfrog.io/metoffice/api/conda/conda-forge/noarch/seaborn-0.11.2-hd8ed1ab_0.tar.bz2
https://metoffice.jfrog.io/metoffice/api/conda/conda-forge/noarch/dask-2022.6.1-pyhd8ed1ab_0.tar.bz2
https://metoffice.jfrog.io/metoffice/api/conda/conda-forge/noarch/databricks-cli-0.17.0-pyhd8ed1ab_0.tar.bz2
https://metoffice.jfrog.io/metoffice/api/conda/conda-forge/linux-64/docker-py-5.0.3-py38h578d9bd_2.tar.bz2
https://metoffice.jfrog.io/metoffice/api/conda/conda-forge/linux-64/ipykernel-6.9.2-py38h7f3c49e_0.tar.bz2
https://metoffice.jfrog.io/metoffice/api/conda/conda-forge/noarch/jupyter_server-1.18.1-pyhd8ed1ab_0.tar.bz2
https://metoffice.jfrog.io/metoffice/api/conda/conda-forge/noarch/missingno-0.4.2-py_1.tar.bz2
https://metoffice.jfrog.io/metoffice/api/conda/conda-forge/noarch/nbconvert-pandoc-6.5.2-pyhd8ed1ab_0.tar.bz2
https://metoffice.jfrog.io/metoffice/api/conda/conda-forge/noarch/querystring_parser-1.2.4-py_0.tar.bz2
https://metoffice.jfrog.io/metoffice/api/conda/conda-forge/noarch/dask-glm-0.2.0-py_1.tar.bz2
https://metoffice.jfrog.io/metoffice/api/conda/conda-forge/noarch/jupyter-server-proxy-3.2.1-pyhd8ed1ab_0.tar.bz2
https://metoffice.jfrog.io/metoffice/api/conda/conda-forge/noarch/jupyterlab_server-2.15.0-pyhd8ed1ab_0.tar.bz2
https://metoffice.jfrog.io/metoffice/api/conda/conda-forge/noarch/nbconvert-6.5.2-pyhd8ed1ab_0.tar.bz2
https://metoffice.jfrog.io/metoffice/api/conda/conda-forge/noarch/notebook-shim-0.1.0-pyhd8ed1ab_0.tar.bz2
https://metoffice.jfrog.io/metoffice/api/conda/conda-forge/noarch/pandas-profiling-3.2.0-pyhd8ed1ab_0.tar.bz2
https://metoffice.jfrog.io/metoffice/api/conda/conda-forge/noarch/dask-ml-1.9.0-pyhd8ed1ab_0.tar.bz2
https://metoffice.jfrog.io/metoffice/api/conda/conda-forge/linux-64/mlflow-1.27.0-py38he918c71_0.tar.bz2
https://metoffice.jfrog.io/metoffice/api/conda/conda-forge/noarch/nbclassic-0.4.3-pyhd8ed1ab_0.tar.bz2
https://metoffice.jfrog.io/metoffice/api/conda/conda-forge/noarch/notebook-6.4.12-pyha770c72_0.tar.bz2
https://metoffice.jfrog.io/metoffice/api/conda/conda-forge/noarch/jupyterlab-3.3.4-pyhd8ed1ab_0.tar.bz2
https://metoffice.jfrog.io/metoffice/api/conda/conda-forge/linux-64/widgetsnbextension-3.5.2-py38h578d9bd_1.tar.bz2
https://metoffice.jfrog.io/metoffice/api/conda/conda-forge/noarch/dask-labextension-5.3.0-pyhd8ed1ab_1.tar.bz2
https://metoffice.jfrog.io/metoffice/api/conda/conda-forge/noarch/ipywidgets-7.6.5-pyhd8ed1ab_0.tar.bz2
