# This file may be used to create an environment using:
# $ conda create --name <env> --file <this file>
# platform: linux-64
@EXPLICIT
https://metoffice.jfrog.io/metoffice/api/conda/conda-forge/linux-64/_libgcc_mutex-0.1-conda_forge.tar.bz2
https://metoffice.jfrog.io/metoffice/api/conda/conda-main/linux-64/_tflow_select-2.1.0-gpu.conda
https://metoffice.jfrog.io/metoffice/api/conda/conda-forge/linux-64/ca-certificates-2022.6.15-ha878542_0.tar.bz2
https://metoffice.jfrog.io/metoffice/api/conda/conda-forge/noarch/font-ttf-dejavu-sans-mono-2.37-hab24e00_0.tar.bz2
https://metoffice.jfrog.io/metoffice/api/conda/conda-forge/noarch/font-ttf-inconsolata-3.000-h77eed37_0.tar.bz2
https://metoffice.jfrog.io/metoffice/api/conda/conda-forge/noarch/font-ttf-source-code-pro-2.038-h77eed37_0.tar.bz2
https://metoffice.jfrog.io/metoffice/api/conda/conda-forge/noarch/font-ttf-ubuntu-0.83-hab24e00_0.tar.bz2
https://metoffice.jfrog.io/metoffice/api/conda/conda-forge/linux-64/ld_impl_linux-64-2.36.1-hea4e1c9_2.tar.bz2
https://metoffice.jfrog.io/metoffice/api/conda/conda-forge/linux-64/libgfortran5-12.1.0-hdcd56e2_16.tar.bz2
https://metoffice.jfrog.io/metoffice/api/conda/conda-forge/linux-64/libstdcxx-ng-12.1.0-ha89aaad_16.tar.bz2
https://metoffice.jfrog.io/metoffice/api/conda/conda-forge/linux-64/pandoc-2.19-ha770c72_0.tar.bz2
https://metoffice.jfrog.io/metoffice/api/conda/conda-forge/noarch/tzdata-2022a-h191b570_0.tar.bz2
https://metoffice.jfrog.io/metoffice/api/conda/conda-forge/noarch/fonts-conda-forge-1-0.tar.bz2
https://metoffice.jfrog.io/metoffice/api/conda/conda-forge/linux-64/libgfortran-ng-12.1.0-h69a702a_16.tar.bz2
https://metoffice.jfrog.io/metoffice/api/conda/conda-forge/linux-64/libgomp-12.1.0-h8d9b700_16.tar.bz2
https://metoffice.jfrog.io/metoffice/api/conda/conda-forge/linux-64/_openmp_mutex-4.5-2_gnu.tar.bz2
https://metoffice.jfrog.io/metoffice/api/conda/conda-forge/noarch/fonts-conda-ecosystem-1-0.tar.bz2
https://metoffice.jfrog.io/metoffice/api/conda/conda-forge/linux-64/libgcc-ng-12.1.0-h8d9b700_16.tar.bz2
https://metoffice.jfrog.io/metoffice/api/conda/conda-forge/linux-64/abseil-cpp-20211102.0-h27087fc_1.tar.bz2
https://metoffice.jfrog.io/metoffice/api/conda/conda-forge/linux-64/bzip2-1.0.8-h7f98852_4.tar.bz2
https://metoffice.jfrog.io/metoffice/api/conda/conda-forge/linux-64/c-ares-1.18.1-h7f98852_0.tar.bz2
https://metoffice.jfrog.io/metoffice/api/conda/conda-forge/linux-64/cudatoolkit-10.1.243-h8cb64d8_10.tar.bz2
https://metoffice.jfrog.io/metoffice/api/conda/conda-forge/linux-64/expat-2.4.8-h27087fc_0.tar.bz2
https://metoffice.jfrog.io/metoffice/api/conda/conda-forge/linux-64/fribidi-1.0.10-h36c2ea0_0.tar.bz2
https://metoffice.jfrog.io/metoffice/api/conda/conda-forge/linux-64/geos-3.10.1-h9c3ff4c_1.tar.bz2
https://metoffice.jfrog.io/metoffice/api/conda/conda-forge/linux-64/giflib-5.2.1-h36c2ea0_2.tar.bz2
https://metoffice.jfrog.io/metoffice/api/conda/conda-forge/linux-64/gmp-6.2.1-h58526e2_0.tar.bz2
https://metoffice.jfrog.io/metoffice/api/conda/conda-main/linux-64/graphite2-1.3.14-h295c915_1.conda
https://metoffice.jfrog.io/metoffice/api/conda/conda-forge/linux-64/icu-58.2-hf484d3e_1000.tar.bz2
https://metoffice.jfrog.io/metoffice/api/conda/conda-forge/linux-64/jpeg-9e-h166bdaf_2.tar.bz2
https://metoffice.jfrog.io/metoffice/api/conda/conda-forge/linux-64/keyutils-1.6.1-h166bdaf_0.tar.bz2
https://metoffice.jfrog.io/metoffice/api/conda/conda-forge/linux-64/lerc-4.0.0-h27087fc_0.tar.bz2
https://metoffice.jfrog.io/metoffice/api/conda/conda-forge/linux-64/libdeflate-1.13-h166bdaf_0.tar.bz2
https://metoffice.jfrog.io/metoffice/api/conda/conda-forge/linux-64/libev-4.33-h516909a_1.tar.bz2
https://metoffice.jfrog.io/metoffice/api/conda/conda-forge/linux-64/libffi-3.4.2-h7f98852_5.tar.bz2
https://metoffice.jfrog.io/metoffice/api/conda/conda-forge/linux-64/libgcc-7.2.0-h69d50b8_2.tar.bz2
https://metoffice.jfrog.io/metoffice/api/conda/conda-forge/linux-64/libiconv-1.16-h516909a_0.tar.bz2
https://metoffice.jfrog.io/metoffice/api/conda/conda-forge/linux-64/libnsl-2.0.0-h7f98852_0.tar.bz2
https://metoffice.jfrog.io/metoffice/api/conda/conda-forge/linux-64/libopenblas-0.3.21-pthreads_h78a6416_0.tar.bz2
https://metoffice.jfrog.io/metoffice/api/conda/conda-forge/linux-64/libopenblas-ilp64-0.3.21-pthreads_h44c56fb_0.tar.bz2
https://metoffice.jfrog.io/metoffice/api/conda/conda-forge/linux-64/libsodium-1.0.18-h36c2ea0_1.tar.bz2
https://metoffice.jfrog.io/metoffice/api/conda/conda-forge/linux-64/libtool-2.4.6-h9c3ff4c_1008.tar.bz2
https://metoffice.jfrog.io/metoffice/api/conda/conda-forge/linux-64/libunwind-1.5.0-h9c3ff4c_1.tar.bz2
https://metoffice.jfrog.io/metoffice/api/conda/conda-forge/linux-64/libutf8proc-2.7.0-h7f98852_0.tar.bz2
https://metoffice.jfrog.io/metoffice/api/conda/conda-forge/linux-64/libuuid-2.32.1-h7f98852_1000.tar.bz2
https://metoffice.jfrog.io/metoffice/api/conda/conda-forge/linux-64/libwebp-base-1.2.3-h166bdaf_2.tar.bz2
https://metoffice.jfrog.io/metoffice/api/conda/conda-forge/linux-64/libzlib-1.2.12-h166bdaf_2.tar.bz2
https://metoffice.jfrog.io/metoffice/api/conda/conda-forge/linux-64/lz4-c-1.9.3-h9c3ff4c_1.tar.bz2
https://metoffice.jfrog.io/metoffice/api/conda/conda-forge/linux-64/mbedtls-3.2.1-h27087fc_0.tar.bz2
https://metoffice.jfrog.io/metoffice/api/conda/conda-forge/linux-64/metis-5.1.0-h58526e2_1006.tar.bz2
https://metoffice.jfrog.io/metoffice/api/conda/conda-forge/linux-64/ncurses-6.3-h27087fc_1.tar.bz2
https://metoffice.jfrog.io/metoffice/api/conda/conda-forge/linux-64/openlibm-0.7.5-h7f98852_0.tar.bz2
https://metoffice.jfrog.io/metoffice/api/conda/conda-forge/linux-64/openssl-3.0.5-h166bdaf_1.tar.bz2
https://metoffice.jfrog.io/metoffice/api/conda/conda-forge/linux-64/p7zip-16.02-h9c3ff4c_1001.tar.bz2
https://metoffice.jfrog.io/metoffice/api/conda/conda-forge/linux-64/pcre-8.45-h9c3ff4c_0.tar.bz2
https://metoffice.jfrog.io/metoffice/api/conda/conda-forge/linux-64/pixman-0.38.0-h516909a_1003.tar.bz2
https://metoffice.jfrog.io/metoffice/api/conda/conda-forge/linux-64/pthread-stubs-0.4-h36c2ea0_1001.tar.bz2
https://metoffice.jfrog.io/metoffice/api/conda/conda-forge/linux-64/re2-2022.06.01-h27087fc_0.tar.bz2
https://metoffice.jfrog.io/metoffice/api/conda/conda-forge/linux-64/tbb-2021.5.0-h924138e_1.tar.bz2
https://metoffice.jfrog.io/metoffice/api/conda/conda-forge/linux-64/xorg-kbproto-1.0.7-h7f98852_1002.tar.bz2
https://metoffice.jfrog.io/metoffice/api/conda/conda-forge/linux-64/xorg-libice-1.0.10-h7f98852_0.tar.bz2
https://metoffice.jfrog.io/metoffice/api/conda/conda-forge/linux-64/xorg-libxau-1.0.9-h7f98852_0.tar.bz2
https://metoffice.jfrog.io/metoffice/api/conda/conda-forge/linux-64/xorg-libxdmcp-1.1.3-h7f98852_0.tar.bz2
https://metoffice.jfrog.io/metoffice/api/conda/conda-forge/linux-64/xorg-renderproto-0.11.1-h7f98852_1002.tar.bz2
https://metoffice.jfrog.io/metoffice/api/conda/conda-forge/linux-64/xorg-xextproto-7.3.0-h7f98852_1002.tar.bz2
https://metoffice.jfrog.io/metoffice/api/conda/conda-forge/linux-64/xorg-xproto-7.0.31-h7f98852_1007.tar.bz2
https://metoffice.jfrog.io/metoffice/api/conda/conda-forge/linux-64/xxhash-0.8.0-h7f98852_3.tar.bz2
https://metoffice.jfrog.io/metoffice/api/conda/conda-forge/linux-64/xz-5.2.5-h516909a_1.tar.bz2
https://metoffice.jfrog.io/metoffice/api/conda/conda-forge/linux-64/yaml-0.2.5-h7f98852_2.tar.bz2
https://metoffice.jfrog.io/metoffice/api/conda/conda-forge/linux-64/cudnn-7.6.5.32-hc0a50b0_1.tar.bz2
https://metoffice.jfrog.io/metoffice/api/conda/conda-main/linux-64/cupti-10.1.168-0.conda
https://metoffice.jfrog.io/metoffice/api/conda/conda-forge/linux-64/gettext-0.19.8.1-h73d1719_1008.tar.bz2
https://metoffice.jfrog.io/metoffice/api/conda/conda-forge/linux-64/libblas-3.9.0-16_linux64_openblas.tar.bz2
https://metoffice.jfrog.io/metoffice/api/conda/conda-forge/linux-64/libedit-3.1.20191231-he28a2e2_2.tar.bz2
https://metoffice.jfrog.io/metoffice/api/conda/conda-forge/linux-64/libxcb-1.13-h7f98852_1004.tar.bz2
https://metoffice.jfrog.io/metoffice/api/conda/conda-forge/linux-64/mpfr-4.1.0-h9202a9a_1.tar.bz2
https://metoffice.jfrog.io/metoffice/api/conda/conda-forge/linux-64/nodejs-6.11.0-0.tar.bz2
https://metoffice.jfrog.io/metoffice/api/conda/conda-forge/linux-64/openblas-ilp64-0.3.21-pthreads_h3d04fff_0.tar.bz2
https://metoffice.jfrog.io/metoffice/api/conda/conda-forge/linux-64/perl-5.32.1-2_h7f98852_perl5.tar.bz2
https://metoffice.jfrog.io/metoffice/api/conda/conda-forge/linux-64/readline-8.1.2-h0f457ee_0.tar.bz2
https://metoffice.jfrog.io/metoffice/api/conda/conda-forge/linux-64/tk-8.6.12-h27826a3_0.tar.bz2
https://metoffice.jfrog.io/metoffice/api/conda/conda-forge/linux-64/udunits2-2.2.28-hc3e0081_0.tar.bz2
https://metoffice.jfrog.io/metoffice/api/conda/conda-forge/linux-64/xorg-libsm-1.2.3-hd9c2040_1000.tar.bz2
https://metoffice.jfrog.io/metoffice/api/conda/conda-forge/linux-64/zeromq-4.3.4-h9c3ff4c_1.tar.bz2
https://metoffice.jfrog.io/metoffice/api/conda/conda-forge/linux-64/zlib-1.2.12-h166bdaf_2.tar.bz2
https://metoffice.jfrog.io/metoffice/api/conda/conda-forge/linux-64/zstd-1.5.2-h8a70e8d_3.tar.bz2
https://metoffice.jfrog.io/metoffice/api/conda/conda-forge/linux-64/hdf4-4.2.13-h10796ff_1005.tar.bz2
https://metoffice.jfrog.io/metoffice/api/conda/conda-main/linux-64/hdf5-1.10.6-h3ffc7dd_1.conda
https://metoffice.jfrog.io/metoffice/api/conda/conda-forge/linux-64/krb5-1.19.3-h08a2579_0.tar.bz2
https://metoffice.jfrog.io/metoffice/api/conda/conda-forge/linux-64/libcblas-3.9.0-16_linux64_openblas.tar.bz2
https://metoffice.jfrog.io/metoffice/api/conda/conda-forge/linux-64/libglib-2.72.1-h2d90d5f_0.tar.bz2
https://metoffice.jfrog.io/metoffice/api/conda/conda-forge/linux-64/liblapack-3.9.0-16_linux64_openblas.tar.bz2
https://metoffice.jfrog.io/metoffice/api/conda/conda-forge/linux-64/libnghttp2-1.47.0-he49606f_0.tar.bz2
https://metoffice.jfrog.io/metoffice/api/conda/conda-forge/linux-64/libpng-1.6.37-h753d276_3.tar.bz2
https://metoffice.jfrog.io/metoffice/api/conda/conda-forge/linux-64/libprotobuf-3.20.1-h6239696_0.tar.bz2
https://metoffice.jfrog.io/metoffice/api/conda/conda-forge/linux-64/libssh2-1.10.0-ha35d2d1_2.tar.bz2
https://metoffice.jfrog.io/metoffice/api/conda/conda-forge/linux-64/libtiff-4.4.0-h0e0dad5_3.tar.bz2
https://metoffice.jfrog.io/metoffice/api/conda/conda-forge/linux-64/libxml2-2.9.9-h13577e0_2.tar.bz2
https://metoffice.jfrog.io/metoffice/api/conda/conda-forge/linux-64/libzip-1.9.2-hc929e4a_0.tar.bz2
https://metoffice.jfrog.io/metoffice/api/conda/conda-forge/linux-64/mpc-1.2.1-h9f54685_0.tar.bz2
https://metoffice.jfrog.io/metoffice/api/conda/conda-forge/linux-64/pcre2-10.37-h032f7d1_0.tar.bz2
https://metoffice.jfrog.io/metoffice/api/conda/conda-forge/linux-64/sqlite-3.39.2-h4ff8645_0.tar.bz2
https://metoffice.jfrog.io/metoffice/api/conda/conda-forge/linux-64/xorg-libx11-1.7.2-h7f98852_0.tar.bz2
https://metoffice.jfrog.io/metoffice/api/conda/conda-forge/linux-64/arpack-3.7.0-hdefa2d7_2.tar.bz2
https://metoffice.jfrog.io/metoffice/api/conda/conda-forge/linux-64/atk-1.0-2.36.0-h3371d22_4.tar.bz2
https://metoffice.jfrog.io/metoffice/api/conda/conda-forge/linux-64/dbus-1.13.6-h5008d03_3.tar.bz2
https://metoffice.jfrog.io/metoffice/api/conda/conda-forge/linux-64/freetype-2.10.4-hca18f0e_2.tar.bz2
https://metoffice.jfrog.io/metoffice/api/conda/conda-forge/linux-64/gdk-pixbuf-2.42.8-hff1cb4f_0.tar.bz2
https://metoffice.jfrog.io/metoffice/api/conda/conda-forge/linux-64/glib-tools-2.72.1-h6239696_0.tar.bz2
https://metoffice.jfrog.io/metoffice/api/conda/conda-forge/linux-64/grpc-cpp-1.48.0-h00ec82a_0.tar.bz2
https://metoffice.jfrog.io/metoffice/api/conda/conda-forge/linux-64/gts-0.7.6-h64030ff_2.tar.bz2
https://metoffice.jfrog.io/metoffice/api/conda/conda-forge/linux-64/lcms2-2.12-hddcbb42_0.tar.bz2
https://metoffice.jfrog.io/metoffice/api/conda/conda-forge/linux-64/libcurl-7.83.1-h2283fc2_0.tar.bz2
https://metoffice.jfrog.io/metoffice/api/conda/conda-forge/linux-64/libgit2-1.3.0-haabb1ae_1.tar.bz2
https://metoffice.jfrog.io/metoffice/api/conda/conda-forge/linux-64/libwebp-1.2.3-h522a892_1.tar.bz2
https://metoffice.jfrog.io/metoffice/api/conda/conda-main/linux-64/libxslt-1.1.33-h7d1a2b0_0.conda
https://metoffice.jfrog.io/metoffice/api/conda/conda-forge/linux-64/openjpeg-2.4.0-hb52868f_1.tar.bz2
https://metoffice.jfrog.io/metoffice/api/conda/conda-forge/linux-64/python-3.7.12-hf930737_100_cpython.tar.bz2
https://metoffice.jfrog.io/metoffice/api/conda/conda-forge/linux-64/suitesparse-5.10.1-h9e50725_1.tar.bz2
https://metoffice.jfrog.io/metoffice/api/conda/conda-forge/linux-64/xorg-libxext-1.3.4-h7f98852_1.tar.bz2
https://metoffice.jfrog.io/metoffice/api/conda/conda-forge/linux-64/xorg-libxrender-0.9.10-h7f98852_1003.tar.bz2
https://metoffice.jfrog.io/metoffice/api/conda/conda-forge/linux-64/xorg-libxt-1.2.1-h7f98852_2.tar.bz2
https://metoffice.jfrog.io/metoffice/api/conda/conda-forge/noarch/absl-py-1.2.0-pyhd8ed1ab_0.tar.bz2
https://metoffice.jfrog.io/metoffice/api/conda/conda-forge/noarch/astor-0.8.1-pyh9f0ad1d_0.tar.bz2
https://metoffice.jfrog.io/metoffice/api/conda/conda-forge/noarch/asynctest-0.13.0-py_0.tar.bz2
https://metoffice.jfrog.io/metoffice/api/conda/conda-forge/noarch/atomicwrites-1.4.1-pyhd8ed1ab_0.tar.bz2
https://metoffice.jfrog.io/metoffice/api/conda/conda-forge/noarch/attrs-22.1.0-pyh71513ae_1.tar.bz2
https://metoffice.jfrog.io/metoffice/api/conda/conda-forge/noarch/backcall-0.2.0-pyh9f0ad1d_0.tar.bz2
https://metoffice.jfrog.io/metoffice/api/conda/conda-forge/noarch/backports-1.0-py_2.tar.bz2
https://metoffice.jfrog.io/metoffice/api/conda/conda-forge/noarch/blinker-1.4-py_1.tar.bz2
https://metoffice.jfrog.io/metoffice/api/conda/conda-forge/noarch/cachetools-4.2.4-pyhd8ed1ab_0.tar.bz2
https://metoffice.jfrog.io/metoffice/api/conda/conda-forge/noarch/charset-normalizer-2.1.0-pyhd8ed1ab_0.tar.bz2
https://metoffice.jfrog.io/metoffice/api/conda/conda-forge/noarch/cloudpickle-2.1.0-pyhd8ed1ab_0.tar.bz2
https://metoffice.jfrog.io/metoffice/api/conda/conda-forge/noarch/colorama-0.4.5-pyhd8ed1ab_0.tar.bz2
https://metoffice.jfrog.io/metoffice/api/conda/conda-forge/linux-64/curl-7.83.1-h2283fc2_0.tar.bz2
https://metoffice.jfrog.io/metoffice/api/conda/conda-forge/noarch/cycler-0.11.0-pyhd8ed1ab_0.tar.bz2
https://metoffice.jfrog.io/metoffice/api/conda/conda-forge/noarch/decorator-5.1.1-pyhd8ed1ab_0.tar.bz2
https://metoffice.jfrog.io/metoffice/api/conda/conda-forge/noarch/defusedxml-0.7.1-pyhd8ed1ab_0.tar.bz2
https://metoffice.jfrog.io/metoffice/api/conda/conda-forge/noarch/dill-0.3.5.1-pyhd8ed1ab_0.tar.bz2
https://metoffice.jfrog.io/metoffice/api/conda/conda-forge/noarch/entrypoints-0.4-pyhd8ed1ab_0.tar.bz2
https://metoffice.jfrog.io/metoffice/api/conda/conda-forge/noarch/flit-core-3.7.1-pyhd8ed1ab_0.tar.bz2
https://metoffice.jfrog.io/metoffice/api/conda/conda-forge/linux-64/fontconfig-2.14.0-h8e229c2_0.tar.bz2
https://metoffice.jfrog.io/metoffice/api/conda/conda-forge/noarch/fsspec-2022.7.1-pyhd8ed1ab_0.tar.bz2
https://metoffice.jfrog.io/metoffice/api/conda/conda-forge/noarch/gast-0.4.0-pyh9f0ad1d_0.tar.bz2
https://metoffice.jfrog.io/metoffice/api/conda/conda-forge/linux-64/glib-2.72.1-h6239696_0.tar.bz2
https://metoffice.jfrog.io/metoffice/api/conda/conda-forge/noarch/heapdict-1.0.1-py_0.tar.bz2
https://metoffice.jfrog.io/metoffice/api/conda/conda-forge/noarch/idna-3.3-pyhd8ed1ab_0.tar.bz2
https://metoffice.jfrog.io/metoffice/api/conda/conda-forge/noarch/ipython_genutils-0.2.0-py_1.tar.bz2
https://metoffice.jfrog.io/metoffice/api/conda/conda-forge/noarch/json5-0.9.5-pyh9f0ad1d_0.tar.bz2
https://metoffice.jfrog.io/metoffice/api/conda/conda-forge/noarch/jupyterlab_widgets-1.1.1-pyhd8ed1ab_0.tar.bz2
https://metoffice.jfrog.io/metoffice/api/conda/conda-forge/noarch/locket-1.0.0-pyhd8ed1ab_0.tar.bz2
https://metoffice.jfrog.io/metoffice/api/conda/conda-forge/noarch/mpmath-1.2.1-pyhd8ed1ab_0.tar.bz2
https://metoffice.jfrog.io/metoffice/api/conda/conda-forge/noarch/nest-asyncio-1.5.5-pyhd8ed1ab_0.tar.bz2
https://metoffice.jfrog.io/metoffice/api/conda/conda-forge/noarch/pandocfilters-1.5.0-pyhd8ed1ab_0.tar.bz2
https://metoffice.jfrog.io/metoffice/api/conda/conda-forge/noarch/parso-0.8.3-pyhd8ed1ab_0.tar.bz2
https://metoffice.jfrog.io/metoffice/api/conda/conda-forge/noarch/pickleshare-0.7.5-py_1003.tar.bz2
https://metoffice.jfrog.io/metoffice/api/conda/conda-forge/noarch/pkgutil-resolve-name-1.3.10-pyhd8ed1ab_0.tar.bz2
https://metoffice.jfrog.io/metoffice/api/conda/conda-forge/linux-64/proj-8.2.0-h277dcde_0.tar.bz2
https://metoffice.jfrog.io/metoffice/api/conda/conda-forge/noarch/prometheus_client-0.14.1-pyhd8ed1ab_0.tar.bz2
https://metoffice.jfrog.io/metoffice/api/conda/conda-forge/noarch/ptyprocess-0.7.0-pyhd3deb0d_0.tar.bz2
https://metoffice.jfrog.io/metoffice/api/conda/conda-forge/noarch/pyasn1-0.4.8-py_0.tar.bz2
https://metoffice.jfrog.io/metoffice/api/conda/conda-forge/noarch/pycparser-2.21-pyhd8ed1ab_0.tar.bz2
https://metoffice.jfrog.io/metoffice/api/conda/conda-forge/noarch/pyjsparser-2.7.1-pyh8c360ce_0.tar.bz2
https://metoffice.jfrog.io/metoffice/api/conda/conda-forge/noarch/pyjwt-2.4.0-pyhd8ed1ab_0.tar.bz2
https://metoffice.jfrog.io/metoffice/api/conda/conda-forge/noarch/pyparsing-3.0.9-pyhd8ed1ab_0.tar.bz2
https://metoffice.jfrog.io/metoffice/api/conda/conda-forge/noarch/pyshp-2.3.1-pyhd8ed1ab_0.tar.bz2
https://metoffice.jfrog.io/metoffice/api/conda/conda-forge/noarch/python-fastjsonschema-2.16.1-pyhd8ed1ab_0.tar.bz2
https://metoffice.jfrog.io/metoffice/api/conda/conda-forge/noarch/python-flatbuffers-2.0-pyhd8ed1ab_0.tar.bz2
https://metoffice.jfrog.io/metoffice/api/conda/conda-forge/noarch/python-tzdata-2022.1-pyhd8ed1ab_0.tar.bz2
https://metoffice.jfrog.io/metoffice/api/conda/conda-forge/linux-64/python_abi-3.7-2_cp37m.tar.bz2
https://metoffice.jfrog.io/metoffice/api/conda/conda-forge/noarch/pytz-2022.1-pyhd8ed1ab_0.tar.bz2
https://metoffice.jfrog.io/metoffice/api/conda/conda-forge/noarch/send2trash-1.8.0-pyhd8ed1ab_0.tar.bz2
https://metoffice.jfrog.io/metoffice/api/conda/conda-forge/linux-64/sip-4.18.1-py37hf484d3e_1000.tar.bz2
https://metoffice.jfrog.io/metoffice/api/conda/conda-forge/noarch/six-1.16.0-pyh6c4a22f_0.tar.bz2
https://metoffice.jfrog.io/metoffice/api/conda/conda-forge/noarch/sortedcontainers-2.4.0-pyhd8ed1ab_0.tar.bz2
https://metoffice.jfrog.io/metoffice/api/conda/conda-forge/noarch/soupsieve-2.3.2.post1-pyhd8ed1ab_0.tar.bz2
https://metoffice.jfrog.io/metoffice/api/conda/conda-forge/noarch/tabulate-0.8.10-pyhd8ed1ab_0.tar.bz2
https://metoffice.jfrog.io/metoffice/api/conda/conda-forge/noarch/tblib-1.7.0-pyhd8ed1ab_0.tar.bz2
https://metoffice.jfrog.io/metoffice/api/conda/conda-forge/noarch/tensorboard-plugin-wit-1.8.1-pyhd8ed1ab_0.tar.bz2
https://metoffice.jfrog.io/metoffice/api/conda/conda-forge/noarch/termcolor-1.1.0-pyhd8ed1ab_3.tar.bz2
https://metoffice.jfrog.io/metoffice/api/conda/conda-forge/noarch/threadpoolctl-3.1.0-pyh8a188c0_0.tar.bz2
https://metoffice.jfrog.io/metoffice/api/conda/conda-forge/noarch/toolz-0.12.0-pyhd8ed1ab_0.tar.bz2
https://metoffice.jfrog.io/metoffice/api/conda/conda-forge/noarch/traitlets-5.3.0-pyhd8ed1ab_0.tar.bz2
https://metoffice.jfrog.io/metoffice/api/conda/conda-forge/noarch/typing_extensions-4.3.0-pyha770c72_0.tar.bz2
https://metoffice.jfrog.io/metoffice/api/conda/conda-forge/noarch/webencodings-0.5.1-py_1.tar.bz2
https://metoffice.jfrog.io/metoffice/api/conda/conda-forge/noarch/websocket-client-1.3.3-pyhd8ed1ab_0.tar.bz2
https://metoffice.jfrog.io/metoffice/api/conda/conda-forge/noarch/wheel-0.37.1-pyhd8ed1ab_0.tar.bz2
https://metoffice.jfrog.io/metoffice/api/conda/conda-forge/linux-64/xorg-libxpm-3.5.13-h7f98852_0.tar.bz2
https://metoffice.jfrog.io/metoffice/api/conda/conda-forge/noarch/zipp-3.8.1-pyhd8ed1ab_0.tar.bz2
https://metoffice.jfrog.io/metoffice/api/conda/conda-forge/linux-64/antlr-python-runtime-4.7.2-py37h89c1867_1003.tar.bz2
https://metoffice.jfrog.io/metoffice/api/conda/conda-forge/noarch/astunparse-1.6.3-pyhd8ed1ab_0.tar.bz2
https://metoffice.jfrog.io/metoffice/api/conda/conda-forge/noarch/babel-2.10.3-pyhd8ed1ab_0.tar.bz2
https://metoffice.jfrog.io/metoffice/api/conda/conda-forge/linux-64/backports.zoneinfo-0.2.1-py37h540881e_5.tar.bz2
https://metoffice.jfrog.io/metoffice/api/conda/conda-forge/noarch/beautifulsoup4-4.11.1-pyha770c72_0.tar.bz2
https://metoffice.jfrog.io/metoffice/api/conda/conda-forge/linux-64/cairo-1.16.0-h18b612c_1001.tar.bz2
https://metoffice.jfrog.io/metoffice/api/conda/conda-forge/linux-64/certifi-2022.6.15-py37h89c1867_0.tar.bz2
https://metoffice.jfrog.io/metoffice/api/conda/conda-forge/linux-64/cffi-1.15.1-py37h43b0acd_0.tar.bz2
https://metoffice.jfrog.io/metoffice/api/conda/conda-forge/linux-64/cytoolz-0.12.0-py37h540881e_0.tar.bz2
https://metoffice.jfrog.io/metoffice/api/conda/conda-forge/linux-64/debugpy-1.6.0-py37hd23a5d3_0.tar.bz2
https://metoffice.jfrog.io/metoffice/api/conda/conda-forge/linux-64/dm-tree-0.1.7-py37hfb7772e_0.tar.bz2
https://metoffice.jfrog.io/metoffice/api/conda/conda-forge/linux-64/frozenlist-1.3.1-py37h540881e_0.tar.bz2
https://metoffice.jfrog.io/metoffice/api/conda/conda-forge/linux-64/future-0.18.2-py37h89c1867_5.tar.bz2
https://metoffice.jfrog.io/metoffice/api/conda/conda-forge/linux-64/git-2.37.1-pl5321h04cb727_0.tar.bz2
https://metoffice.jfrog.io/metoffice/api/conda/conda-forge/linux-64/gmpy2-2.1.2-py37h025e8b9_0.tar.bz2
https://metoffice.jfrog.io/metoffice/api/conda/conda-forge/noarch/google-pasta-0.2.0-pyh8c360ce_0.tar.bz2
https://metoffice.jfrog.io/metoffice/api/conda/conda-main/linux-64/gstreamer-1.14.0-h28cd5cc_2.conda
https://metoffice.jfrog.io/metoffice/api/conda/conda-forge/linux-64/importlib-metadata-4.11.4-py37h89c1867_0.tar.bz2
https://metoffice.jfrog.io/metoffice/api/conda/conda-forge/noarch/importlib_resources-5.9.0-pyhd8ed1ab_0.tar.bz2
https://metoffice.jfrog.io/metoffice/api/conda/conda-forge/noarch/jedi-0.18.1-pyhd8ed1ab_2.tar.bz2
https://metoffice.jfrog.io/metoffice/api/conda/conda-forge/linux-64/jupyter_core-4.11.1-py37h89c1867_0.tar.bz2
https://metoffice.jfrog.io/metoffice/api/conda/conda-main/linux-64/libnetcdf-4.8.1-h42ceab0_1.conda
https://metoffice.jfrog.io/metoffice/api/conda/conda-forge/linux-64/lxml-4.8.0-py37h540881e_3.tar.bz2
https://metoffice.jfrog.io/metoffice/api/conda/conda-forge/linux-64/markupsafe-2.1.1-py37h540881e_1.tar.bz2
https://metoffice.jfrog.io/metoffice/api/conda/conda-forge/noarch/matplotlib-inline-0.1.3-pyhd8ed1ab_0.tar.bz2
https://metoffice.jfrog.io/metoffice/api/conda/conda-forge/linux-64/mistune-0.8.4-py37h5e8e339_1005.tar.bz2
https://metoffice.jfrog.io/metoffice/api/conda/conda-forge/linux-64/msgpack-python-1.0.4-py37h7cecad7_0.tar.bz2
https://metoffice.jfrog.io/metoffice/api/conda/conda-forge/linux-64/multidict-6.0.2-py37h540881e_1.tar.bz2
https://metoffice.jfrog.io/metoffice/api/conda/conda-forge/noarch/multipledispatch-0.6.0-py_0.tar.bz2
https://metoffice.jfrog.io/metoffice/api/conda/conda-forge/linux-64/numpy-1.19.5-py37h3e96413_3.tar.bz2
https://metoffice.jfrog.io/metoffice/api/conda/conda-forge/noarch/packaging-21.3-pyhd8ed1ab_0.tar.bz2
https://metoffice.jfrog.io/metoffice/api/conda/conda-forge/noarch/partd-1.2.0-pyhd8ed1ab_0.tar.bz2
https://metoffice.jfrog.io/metoffice/api/conda/conda-forge/noarch/pexpect-4.8.0-pyh9f0ad1d_2.tar.bz2
https://metoffice.jfrog.io/metoffice/api/conda/conda-forge/linux-64/pillow-9.2.0-py37h44f0d7a_0.tar.bz2
https://metoffice.jfrog.io/metoffice/api/conda/conda-forge/linux-64/promise-2.3-py37h89c1867_6.tar.bz2
https://metoffice.jfrog.io/metoffice/api/conda/conda-forge/linux-64/psutil-5.9.1-py37h540881e_0.tar.bz2
https://metoffice.jfrog.io/metoffice/api/conda/conda-forge/noarch/pyasn1-modules-0.2.7-py_0.tar.bz2
https://metoffice.jfrog.io/metoffice/api/conda/conda-forge/linux-64/pyrsistent-0.18.1-py37h540881e_1.tar.bz2
https://metoffice.jfrog.io/metoffice/api/conda/conda-forge/linux-64/pysocks-1.7.1-py37h89c1867_5.tar.bz2
https://metoffice.jfrog.io/metoffice/api/conda/conda-forge/noarch/python-dateutil-2.8.2-pyhd8ed1ab_0.tar.bz2
https://metoffice.jfrog.io/metoffice/api/conda/conda-forge/linux-64/python-xxhash-3.0.0-py37h540881e_1.tar.bz2
https://metoffice.jfrog.io/metoffice/api/conda/conda-forge/noarch/pyu2f-0.1.5-pyhd8ed1ab_0.tar.bz2
https://metoffice.jfrog.io/metoffice/api/conda/conda-forge/linux-64/pyyaml-6.0-py37h540881e_4.tar.bz2
https://metoffice.jfrog.io/metoffice/api/conda/conda-forge/linux-64/pyzmq-23.2.0-py37h0c0c2a8_0.tar.bz2
https://metoffice.jfrog.io/metoffice/api/conda/conda-forge/linux-64/regex-2022.7.25-py37h540881e_0.tar.bz2
https://metoffice.jfrog.io/metoffice/api/conda/conda-forge/noarch/rsa-4.9-pyhd8ed1ab_0.tar.bz2
https://metoffice.jfrog.io/metoffice/api/conda/conda-forge/linux-64/setuptools-59.8.0-py37h89c1867_1.tar.bz2
https://metoffice.jfrog.io/metoffice/api/conda/conda-forge/linux-64/sniffio-1.2.0-py37h89c1867_3.tar.bz2
https://metoffice.jfrog.io/metoffice/api/conda/conda-forge/noarch/tinycss2-1.1.1-pyhd8ed1ab_0.tar.bz2
https://metoffice.jfrog.io/metoffice/api/conda/conda-forge/linux-64/tornado-6.2-py37h540881e_0.tar.bz2
https://metoffice.jfrog.io/metoffice/api/conda/conda-forge/noarch/tqdm-4.64.0-pyhd8ed1ab_0.tar.bz2
https://metoffice.jfrog.io/metoffice/api/conda/conda-forge/noarch/typing-extensions-4.3.0-hd8ed1ab_0.tar.bz2
https://metoffice.jfrog.io/metoffice/api/conda/conda-forge/linux-64/wrapt-1.14.1-py37h540881e_0.tar.bz2
https://metoffice.jfrog.io/metoffice/api/conda/conda-forge/noarch/zict-2.2.0-pyhd8ed1ab_0.tar.bz2
https://metoffice.jfrog.io/metoffice/api/conda/conda-forge/noarch/aiosignal-1.2.0-pyhd8ed1ab_0.tar.bz2
https://metoffice.jfrog.io/metoffice/api/conda/conda-forge/noarch/anyio-3.6.1-pyhd8ed1ab_1.tar.bz2
https://metoffice.jfrog.io/metoffice/api/conda/conda-forge/linux-64/argon2-cffi-bindings-21.2.0-py37h540881e_2.tar.bz2
https://metoffice.jfrog.io/metoffice/api/conda/conda-forge/noarch/async-timeout-4.0.2-pyhd8ed1ab_0.tar.bz2
https://metoffice.jfrog.io/metoffice/api/conda/conda-forge/noarch/backports.functools_lru_cache-1.6.4-pyhd8ed1ab_0.tar.bz2
https://metoffice.jfrog.io/metoffice/api/conda/conda-forge/noarch/bleach-5.0.1-pyhd8ed1ab_0.tar.bz2
https://metoffice.jfrog.io/metoffice/api/conda/conda-forge/linux-64/brotlipy-0.7.0-py37h540881e_1004.tar.bz2
https://metoffice.jfrog.io/metoffice/api/conda/conda-forge/linux-64/cftime-1.6.1-py37hda87dfa_0.tar.bz2
https://metoffice.jfrog.io/metoffice/api/conda/conda-forge/linux-64/click-8.1.3-py37h89c1867_0.tar.bz2
https://metoffice.jfrog.io/metoffice/api/conda/conda-main/linux-64/cryptography-37.0.1-py37h9ce1e76_0.conda
https://metoffice.jfrog.io/metoffice/api/conda/conda-forge/noarch/dask-core-2021.10.0-pyhd8ed1ab_0.tar.bz2
https://metoffice.jfrog.io/metoffice/api/conda/conda-forge/noarch/deprecated-1.2.13-pyh6c4a22f_0.tar.bz2
https://metoffice.jfrog.io/metoffice/api/conda/conda-forge/linux-64/grpcio-1.48.0-py37hb40ad2a_0.tar.bz2
https://metoffice.jfrog.io/metoffice/api/conda/conda-main/linux-64/gst-plugins-base-1.14.0-hbbd80ab_1.conda
https://metoffice.jfrog.io/metoffice/api/conda/conda-forge/linux-64/h5py-2.10.0-nompi_py37ha3df211_106.tar.bz2
https://metoffice.jfrog.io/metoffice/api/conda/conda-main/linux-64/harfbuzz-2.8.1-h6f93f22_0.conda
https://metoffice.jfrog.io/metoffice/api/conda/conda-forge/noarch/importlib_metadata-4.11.4-hd8ed1ab_0.tar.bz2
https://metoffice.jfrog.io/metoffice/api/conda/conda-forge/noarch/jinja2-3.1.2-pyhd8ed1ab_1.tar.bz2
https://metoffice.jfrog.io/metoffice/api/conda/conda-forge/noarch/joblib-1.1.0-pyhd8ed1ab_0.tar.bz2
https://metoffice.jfrog.io/metoffice/api/conda/conda-forge/noarch/jsonschema-4.9.1-pyhd8ed1ab_0.tar.bz2
https://metoffice.jfrog.io/metoffice/api/conda/conda-forge/linux-64/julia-1.7.1-h989b2f6_3.tar.bz2
https://metoffice.jfrog.io/metoffice/api/conda/conda-forge/noarch/jupyter_client-7.3.4-pyhd8ed1ab_0.tar.bz2
https://metoffice.jfrog.io/metoffice/api/conda/conda-forge/linux-64/kiwisolver-1.4.4-py37h7cecad7_0.tar.bz2
https://metoffice.jfrog.io/metoffice/api/conda/conda-forge/noarch/markdown-3.4.1-pyhd8ed1ab_0.tar.bz2
https://metoffice.jfrog.io/metoffice/api/conda/conda-forge/noarch/opt_einsum-3.3.0-pyhd8ed1ab_1.tar.bz2
https://metoffice.jfrog.io/metoffice/api/conda/conda-forge/linux-64/pandas-1.3.5-py37he8f5f7f_0.tar.bz2
https://metoffice.jfrog.io/metoffice/api/conda/conda-forge/noarch/pip-22.2.2-pyhd8ed1ab_0.tar.bz2
https://metoffice.jfrog.io/metoffice/api/conda/conda-forge/linux-64/protobuf-3.20.1-py37hd23a5d3_0.tar.bz2
https://metoffice.jfrog.io/metoffice/api/conda/conda-forge/noarch/pygments-2.12.0-pyhd8ed1ab_0.tar.bz2
https://metoffice.jfrog.io/metoffice/api/conda/conda-forge/linux-64/pyproj-3.2.1-py37hb589d83_5.tar.bz2
https://metoffice.jfrog.io/metoffice/api/conda/conda-forge/linux-64/pytz-deprecation-shim-0.1.0.post0-py37h89c1867_2.tar.bz2
https://metoffice.jfrog.io/metoffice/api/conda/conda-forge/linux-64/scipy-1.7.3-py37hf2a6cf1_0.tar.bz2
https://metoffice.jfrog.io/metoffice/api/conda/conda-forge/linux-64/shapely-1.8.0-py37h9b0f7a3_4.tar.bz2
https://metoffice.jfrog.io/metoffice/api/conda/conda-forge/linux-64/sympy-1.10.1-py37h89c1867_0.tar.bz2
https://metoffice.jfrog.io/metoffice/api/conda/conda-forge/linux-64/terminado-0.15.0-py37h89c1867_0.tar.bz2
https://metoffice.jfrog.io/metoffice/api/conda/conda-forge/noarch/werkzeug-2.2.2-pyhd8ed1ab_0.tar.bz2
https://metoffice.jfrog.io/metoffice/api/conda/conda-forge/linux-64/yarl-1.7.2-py37h540881e_2.tar.bz2
https://metoffice.jfrog.io/metoffice/api/conda/conda-forge/linux-64/aiohttp-3.8.1-py37h540881e_1.tar.bz2
https://metoffice.jfrog.io/metoffice/api/conda/conda-forge/noarch/argcomplete-2.0.0-pyhd8ed1ab_0.tar.bz2
https://metoffice.jfrog.io/metoffice/api/conda/conda-forge/noarch/argon2-cffi-21.3.0-pyhd8ed1ab_0.tar.bz2
https://metoffice.jfrog.io/metoffice/api/conda/conda-forge/noarch/bokeh-2.4.3-pyhd8ed1ab_1.tar.bz2
https://metoffice.jfrog.io/metoffice/api/conda/conda-forge/linux-64/cf-units-3.0.1-py37hb1e94ed_2.tar.bz2
https://metoffice.jfrog.io/metoffice/api/conda/conda-main/linux-64/distributed-2021.10.0-py37h06a4308_0.conda
https://metoffice.jfrog.io/metoffice/api/conda/conda-forge/linux-64/googleapis-common-protos-1.56.4-py37h89c1867_0.tar.bz2
https://metoffice.jfrog.io/metoffice/api/conda/conda-forge/noarch/jupyterlab_pygments-0.2.2-pyhd8ed1ab_0.tar.bz2
https://metoffice.jfrog.io/metoffice/api/conda/conda-forge/noarch/keras-applications-1.0.8-py_1.tar.bz2
https://metoffice.jfrog.io/metoffice/api/conda/conda-forge/noarch/keras-preprocessing-1.1.2-pyhd8ed1ab_0.tar.bz2
https://metoffice.jfrog.io/metoffice/api/conda/conda-forge/linux-64/matplotlib-base-3.4.3-py37h1058ff1_2.tar.bz2
https://metoffice.jfrog.io/metoffice/api/conda/conda-forge/noarch/nbformat-5.4.0-pyhd8ed1ab_0.tar.bz2
https://metoffice.jfrog.io/metoffice/api/conda/conda-forge/linux-64/netcdf4-1.5.7-nompi_py37h078fd70_101.tar.bz2
https://metoffice.jfrog.io/metoffice/api/conda/conda-forge/noarch/oauthlib-3.2.0-pyhd8ed1ab_0.tar.bz2
https://metoffice.jfrog.io/metoffice/api/conda/conda-forge/linux-64/pango-1.42.4-h69149e4_5.tar.bz2
https://metoffice.jfrog.io/metoffice/api/conda/conda-forge/noarch/patsy-0.5.2-pyhd8ed1ab_0.tar.bz2
https://metoffice.jfrog.io/metoffice/api/conda/conda-forge/noarch/pyjulia-0.5.7-pyhd8ed1ab_0.tar.bz2
https://metoffice.jfrog.io/metoffice/api/conda/conda-forge/noarch/pyopenssl-22.0.0-pyhd8ed1ab_0.tar.bz2
https://metoffice.jfrog.io/metoffice/api/conda/conda-main/linux-64/qt-5.6.3-h8bf5577_3.conda
https://metoffice.jfrog.io/metoffice/api/conda/conda-forge/linux-64/scikit-learn-1.0.2-py37hf9e9bfc_0.tar.bz2
https://metoffice.jfrog.io/metoffice/api/conda/conda-forge/linux-64/tensorflow-estimator-2.6.0-py37hcd2ae1e_0.tar.bz2
https://metoffice.jfrog.io/metoffice/api/conda/conda-forge/linux-64/tzlocal-4.2-py37h89c1867_1.tar.bz2
https://metoffice.jfrog.io/metoffice/api/conda/conda-forge/noarch/wcwidth-0.2.5-pyh9f0ad1d_2.tar.bz2
https://metoffice.jfrog.io/metoffice/api/conda/conda-forge/noarch/xarray-0.18.2-pyhd8ed1ab_0.tar.bz2
https://metoffice.jfrog.io/metoffice/api/conda/conda-forge/linux-64/cartopy-0.20.2-py37h9a08e6e_0.tar.bz2
https://metoffice.jfrog.io/metoffice/api/conda/conda-forge/noarch/dask-2021.10.0-pyhd8ed1ab_0.tar.bz2
https://metoffice.jfrog.io/metoffice/api/conda/conda-forge/linux-64/gtk2-2.24.33-hab0c2f8_0.tar.bz2
https://metoffice.jfrog.io/metoffice/api/conda/conda-forge/noarch/js2py-0.71-pyhd8ed1ab_0.tar.bz2
https://metoffice.jfrog.io/metoffice/api/conda/conda-forge/noarch/nbclient-0.6.6-pyhd8ed1ab_0.tar.bz2
https://metoffice.jfrog.io/metoffice/api/conda/conda-forge/noarch/prompt-toolkit-3.0.30-pyha770c72_0.tar.bz2
https://metoffice.jfrog.io/metoffice/api/conda/conda-forge/linux-64/pyqt-5.6.0-py37h13b7fb3_1008.tar.bz2
https://metoffice.jfrog.io/metoffice/api/conda/conda-forge/noarch/pysr-0.8.7-pyh6c4a22f_0.tar.bz2
https://metoffice.jfrog.io/metoffice/api/conda/conda-forge/noarch/seaborn-base-0.11.2-pyhd8ed1ab_0.tar.bz2
https://metoffice.jfrog.io/metoffice/api/conda/conda-forge/linux-64/statsmodels-0.13.2-py37hda87dfa_0.tar.bz2
https://metoffice.jfrog.io/metoffice/api/conda/conda-main/linux-64/tensorflow-base-2.4.1-gpu_py37h29c2da4_0.conda
https://metoffice.jfrog.io/metoffice/api/conda/conda-forge/noarch/urllib3-1.26.11-pyhd8ed1ab_0.tar.bz2
https://metoffice.jfrog.io/metoffice/api/conda/conda-forge/linux-64/graphviz-2.42.3-h6939c30_2.tar.bz2
https://metoffice.jfrog.io/metoffice/api/conda/conda-forge/linux-64/ipython-7.33.0-py37h89c1867_0.tar.bz2
https://metoffice.jfrog.io/metoffice/api/conda/conda-forge/noarch/iris-3.1.0-pyhd8ed1ab_3.tar.bz2
https://metoffice.jfrog.io/metoffice/api/conda/conda-forge/noarch/lark-1.1.2-pyhd8ed1ab_0.tar.bz2
https://metoffice.jfrog.io/metoffice/api/conda/conda-forge/linux-64/matplotlib-3.4.3-py37h89c1867_2.tar.bz2
https://metoffice.jfrog.io/metoffice/api/conda/conda-forge/noarch/nbconvert-core-6.5.3-pyhd8ed1ab_0.tar.bz2
https://metoffice.jfrog.io/metoffice/api/conda/conda-forge/noarch/requests-2.28.1-pyhd8ed1ab_0.tar.bz2
https://metoffice.jfrog.io/metoffice/api/conda/conda-forge/noarch/seaborn-0.11.2-hd8ed1ab_0.tar.bz2
https://metoffice.jfrog.io/metoffice/api/conda/conda-forge/noarch/tensorflow-probability-0.12.2-pyhd8ed1ab_1.tar.bz2
https://metoffice.jfrog.io/metoffice/api/conda/conda-forge/noarch/google-auth-1.35.0-pyh6c4a22f_0.tar.bz2
https://metoffice.jfrog.io/metoffice/api/conda/conda-forge/linux-64/gpflow-2.4.0-py37h89c1867_0.tar.bz2
https://metoffice.jfrog.io/metoffice/api/conda/conda-forge/linux-64/ipykernel-6.4.2-py37h6531663_0.tar.bz2
https://metoffice.jfrog.io/metoffice/api/conda/conda-forge/noarch/jupyter_server-1.18.1-pyhd8ed1ab_0.tar.bz2
https://metoffice.jfrog.io/metoffice/api/conda/conda-forge/linux-64/line_profiler-3.3.1-py37h2527ec5_1.tar.bz2
https://metoffice.jfrog.io/metoffice/api/conda/conda-forge/noarch/nbconvert-pandoc-6.5.3-pyhd8ed1ab_0.tar.bz2
https://metoffice.jfrog.io/metoffice/api/conda/conda-forge/linux-64/pydot-1.2.4-py37_1001.tar.bz2
https://metoffice.jfrog.io/metoffice/api/conda/conda-forge/noarch/requests-oauthlib-1.3.1-pyhd8ed1ab_0.tar.bz2
https://metoffice.jfrog.io/metoffice/api/conda/conda-forge/noarch/google-auth-oauthlib-0.4.6-pyhd8ed1ab_0.tar.bz2
https://metoffice.jfrog.io/metoffice/api/conda/conda-forge/noarch/jupyterlab_server-2.15.0-pyhd8ed1ab_0.tar.bz2
https://metoffice.jfrog.io/metoffice/api/conda/conda-forge/noarch/nbconvert-6.5.3-pyhd8ed1ab_0.tar.bz2
https://metoffice.jfrog.io/metoffice/api/conda/conda-forge/noarch/notebook-shim-0.1.0-pyhd8ed1ab_0.tar.bz2
https://metoffice.jfrog.io/metoffice/api/conda/conda-forge/noarch/nbclassic-0.4.3-pyhd8ed1ab_0.tar.bz2
https://metoffice.jfrog.io/metoffice/api/conda/conda-forge/noarch/notebook-6.4.12-pyha770c72_0.tar.bz2
https://metoffice.jfrog.io/metoffice/api/conda/conda-forge/noarch/tensorboard-2.4.1-pyhd8ed1ab_1.tar.bz2
https://metoffice.jfrog.io/metoffice/api/conda/conda-forge/noarch/jupyterlab-3.2.9-pyhd8ed1ab_0.tar.bz2
https://metoffice.jfrog.io/metoffice/api/conda/conda-main/linux-64/tensorflow-2.4.1-gpu_py37ha2e99fa_0.conda
https://metoffice.jfrog.io/metoffice/api/conda/conda-forge/linux-64/widgetsnbextension-3.5.2-py37h89c1867_1.tar.bz2
https://metoffice.jfrog.io/metoffice/api/conda/conda-forge/noarch/ipywidgets-7.6.5-pyhd8ed1ab_0.tar.bz2
https://metoffice.jfrog.io/metoffice/api/conda/conda-main/noarch/tensorflow-metadata-0.14.0-pyhe6710b0_1.conda
https://metoffice.jfrog.io/metoffice/api/conda/conda-forge/noarch/ipympl-0.7.0-pyhd8ed1ab_0.tar.bz2
https://metoffice.jfrog.io/metoffice/api/conda/conda-main/linux-64/tensorflow-datasets-1.2.0-py37h06a4308_0.conda
